
Microsoft Visual Studio Solution File, Format Version 12.00
Project("{FAE04EC0-301F-11D3-BF4B-00C04F79EFBC}") = "ZEA.Architecture.Patterns.StrongTypes.Generator", "ZEA.Architecture.Patterns.StrongTypes.Generator\ZEA.Architecture.Patterns.StrongTypes.Generator.csproj", "{3760CC0F-2FE2-4ED0-9CA7-9FBA9F0477E2}"
EndProject
Project("{FAE04EC0-301F-11D3-BF4B-00C04F79EFBC}") = "ZEA.Architecture.Patterns.StrongTypes.Generator.Sample", "ZEA.Architecture.Patterns.StrongTypes.Generator.Sample\ZEA.Architecture.Patterns.StrongTypes.Generator.Sample.csproj", "{D1F4D446-E034-4A6C-906D-A1B408DFDAAD}"
EndProject
Project("{FAE04EC0-301F-11D3-BF4B-00C04F79EFBC}") = "ZEA.Architecture.Patterns.StrongTypes.Generator.Tests", "ZEA.Architecture.Patterns.StrongTypes.Generator.Tests\ZEA.Architecture.Patterns.StrongTypes.Generator.Tests.csproj", "{42711808-AE87-4C0D-894D-3B23CF000165}"
EndProject
Global
	GlobalSection(SolutionConfigurationPlatforms) = preSolution
		Debug|Any CPU = Debug|Any CPU
		Release|Any CPU = Release|Any CPU
	EndGlobalSection
	GlobalSection(ProjectConfigurationPlatforms) = postSolution
		{3760CC0F-2FE2-4ED0-9CA7-9FBA9F0477E2}.Debug|Any CPU.ActiveCfg = Debug|Any CPU
		{3760CC0F-2FE2-4ED0-9CA7-9FBA9F0477E2}.Debug|Any CPU.Build.0 = Debug|Any CPU
		{3760CC0F-2FE2-4ED0-9CA7-9FBA9F0477E2}.Release|Any CPU.ActiveCfg = Release|Any CPU
		{3760CC0F-2FE2-4ED0-9CA7-9FBA9F0477E2}.Release|Any CPU.Build.0 = Release|Any CPU
		{D1F4D446-E034-4A6C-906D-A1B408DFDAAD}.Debug|Any CPU.ActiveCfg = Debug|Any CPU
		{D1F4D446-E034-4A6C-906D-A1B408DFDAAD}.Debug|Any CPU.Build.0 = Debug|Any CPU
		{D1F4D446-E034-4A6C-906D-A1B408DFDAAD}.Release|Any CPU.ActiveCfg = Release|Any CPU
		{D1F4D446-E034-4A6C-906D-A1B408DFDAAD}.Release|Any CPU.Build.0 = Release|Any CPU
		{42711808-AE87-4C0D-894D-3B23CF000165}.Debug|Any CPU.ActiveCfg = Debug|Any CPU
		{42711808-AE87-4C0D-894D-3B23CF000165}.Debug|Any CPU.Build.0 = Debug|Any CPU
		{42711808-AE87-4C0D-894D-3B23CF000165}.Release|Any CPU.ActiveCfg = Release|Any CPU
		{42711808-AE87-4C0D-894D-3B23CF000165}.Release|Any CPU.Build.0 = Release|Any CPU
	EndGlobalSection
EndGlobal
