
Microsoft Visual Studio Solution File, Format Version 12.00
Project("{2150E333-8FDC-42A3-9474-1A3956D46DE8}") = "Apis", "Apis", "{125FA61A-3BBB-4EE8-8103-3BACACC0201D}"
EndProject
Project("{2150E333-8FDC-42A3-9474-1A3956D46DE8}") = "Architecture", "Architecture", "{2ACF15A9-C70D-4663-A2DA-17CE2855CCA5}"
EndProject
Project("{2150E333-8FDC-42A3-9474-1A3956D46DE8}") = "Configurations", "Configurations", "{330BD57F-24D2-4006-B30B-C92E409D92A2}"
EndProject
Project("{2150E333-8FDC-42A3-9474-1A3956D46DE8}") = "Communication", "Communication", "{76494949-86B3-4F74-A135-A9F66F4CBFAF}"
EndProject
Project("{2150E333-8FDC-42A3-9474-1A3956D46DE8}") = "Serialization", "Serialization", "{C83B1152-7609-4166-A2C7-D25F22E1BDD9}"
EndProject
Project("{2150E333-8FDC-42A3-9474-1A3956D46DE8}") = "Validation", "Validation", "{59B49CBD-4E45-435B-94E6-F82FA4D6F556}"
EndProject
Project("{2150E333-8FDC-42A3-9474-1A3956D46DE8}") = "Data", "Data", "{AB375879-6818-4CF5-8246-6CC49FD3ADA0}"
EndProject
Project("{2150E333-8FDC-42A3-9474-1A3956D46DE8}") = "Patterns", "Patterns", "{C4890210-4F82-46C1-8610-EC56CAB61CB4}"
EndProject
Project("{2150E333-8FDC-42A3-9474-1A3956D46DE8}") = "StrongTypes", "StrongTypes", "{1E863AB8-8964-49F8-861B-515C7F1CC10B}"
EndProject
Project("{2150E333-8FDC-42A3-9474-1A3956D46DE8}") = "PubSub", "PubSub", "{EA13C9E1-C56C-4057-8CEA-5340C97CF04C}"
EndProject
Project("{FAE04EC0-301F-11D3-BF4B-00C04F79EFBC}") = "ZEA.Api.MVC", "ZEA.Api.MVC\ZEA.Api.MVC.csproj", "{DC44E601-0B44-48B9-A3E7-16A6A8D46606}"
EndProject
Project("{FAE04EC0-301F-11D3-BF4B-00C04F79EFBC}") = "ZEA.Api.Swagger", "ZEA.Api.Swagger\ZEA.Api.Swagger.csproj", "{FCC73B74-34CB-4C6E-8256-577630D2EF38}"
EndProject
Project("{FAE04EC0-301F-11D3-BF4B-00C04F79EFBC}") = "ZEA.Architecture.PubSub.Abstractions", "ZEA.Architecture.PubSub.Abstractions\ZEA.Architecture.PubSub.Abstractions.csproj", "{30A187B2-2E00-463A-9506-54EF7929D07F}"
EndProject
Project("{FAE04EC0-301F-11D3-BF4B-00C04F79EFBC}") = "ZEA.Architecture.PubSub.MediatrWrapper", "ZEA.Architecture.PubSub.MediatrWrapper\ZEA.Architecture.PubSub.MediatrWrapper.csproj", "{5AB96AC9-ADD9-478C-B617-03D97C0FC329}"
EndProject
Project("{FAE04EC0-301F-11D3-BF4B-00C04F79EFBC}") = "ZEA.Architecture.PubSub.MediatrWrapper.Tests", "ZEA.Architecture.PubSub.MediatrWrapper.Tests\ZEA.Architecture.PubSub.MediatrWrapper.Tests.csproj", "{76B13FF2-DD6D-41A7-AA69-1D797DFCAFE9}"
EndProject
Project("{FAE04EC0-301F-11D3-BF4B-00C04F79EFBC}") = "ZEA.Architecture.Patterns.StrongTypes", "ZEA.Architecture.Patterns.StrongTypes\ZEA.Architecture.Patterns.StrongTypes.csproj", "{E137E3D1-D3FE-45C1-9C4A-1E7F21DE8880}"
EndProject
Project("{FAE04EC0-301F-11D3-BF4B-00C04F79EFBC}") = "ZEA.Architecture.Patterns.StrongTypes.Generator", "ZEA.Architecture.Patterns.StrongTypes.Generator\ZEA.Architecture.Patterns.StrongTypes.Generator.csproj", "{9AD102CE-D60F-4C87-8D3A-3505BCD473EF}"
EndProject
Project("{FAE04EC0-301F-11D3-BF4B-00C04F79EFBC}") = "ZEA.Architecture.Patterns.StrongTypes.Generator.Sample", "ZEA.Architecture.Patterns.StrongTypes.Generator.Sample\ZEA.Architecture.Patterns.StrongTypes.Generator.Sample.csproj", "{E08C3847-1883-4E54-9BB5-CE775462A454}"
EndProject
Project("{FAE04EC0-301F-11D3-BF4B-00C04F79EFBC}") = "ZEA.Architecture.Patterns.StrongTypes.Generator.Tests", "ZEA.Architecture.Patterns.StrongTypes.Generator.Tests\ZEA.Architecture.Patterns.StrongTypes.Generator.Tests.csproj", "{EC894491-0BB0-4ECC-921B-8D47139EAA44}"
EndProject
Project("{FAE04EC0-301F-11D3-BF4B-00C04F79EFBC}") = "ZEA.Architecture.Patterns.RailwayOrientedProgramming", "ZEA.Architecture.Patterns.RailwayOrientedProgramming\ZEA.Architecture.Patterns.RailwayOrientedProgramming.csproj", "{F89B413A-2F96-4F75-B883-9BB70D058E41}"
EndProject
Project("{FAE04EC0-301F-11D3-BF4B-00C04F79EFBC}") = "ZEA.Architecture.Patterns.ADTs", "ZEA.Architecture.Patterns.ADTs\ZEA.Architecture.Patterns.ADTs.csproj", "{2EE59B41-FCB7-4143-848D-34C54B7EA721}"
EndProject
Project("{FAE04EC0-301F-11D3-BF4B-00C04F79EFBC}") = "ZEA.Architecture.DDD", "ZEA.Architecture.DDD\ZEA.Architecture.DDD.csproj", "{AC44E6D6-58FE-4792-878A-68E8FBE71B7B}"
EndProject
Project("{FAE04EC0-301F-11D3-BF4B-00C04F79EFBC}") = "ZEA.Architecture.EventSourcing", "ZEA.Architecture.EventSourcing\ZEA.Architecture.EventSourcing.csproj", "{E89426B8-1AF8-425C-BF14-0B9F64269E0C}"
EndProject
Project("{FAE04EC0-301F-11D3-BF4B-00C04F79EFBC}") = "ZEA.Architecture.Hexagonal", "ZEA.Architecture.Hexagonal\ZEA.Architecture.Hexagonal.csproj", "{10EED62F-A58C-4C9E-BE1F-DAACE81BF215}"
EndProject
Project("{FAE04EC0-301F-11D3-BF4B-00C04F79EFBC}") = "ZEA.Architecture.Modularization", "ZEA.Architecture.Modularization\ZEA.Architecture.Modularization.csproj", "{10EE709B-BF7E-4315-AA90-41D98A9E4921}"
EndProject
Project("{FAE04EC0-301F-11D3-BF4B-00C04F79EFBC}") = "ZEA.Communication.Abstractions", "ZEA.Communication.Abstractions\ZEA.Communication.Abstractions.csproj", "{29270759-C8AC-4C48-902F-88287CA3C087}"
EndProject
Project("{FAE04EC0-301F-11D3-BF4B-00C04F79EFBC}") = "ZEA.Communication.gRPC", "ZEA.Communication.gRPC\ZEA.Communication.gRPC.csproj", "{68F6FF39-EBF7-4B64-BED1-89716BCA48EB}"
EndProject
Project("{FAE04EC0-301F-11D3-BF4B-00C04F79EFBC}") = "ZEA.Communication.Messaging.Abstractions", "ZEA.Communication.Messaging.Abstractions\ZEA.Communication.Messaging.Abstractions.csproj", "{21B83B1C-A0E8-46F2-88A9-8C04DE68BD57}"
EndProject
Project("{FAE04EC0-301F-11D3-BF4B-00C04F79EFBC}") = "ZEA.Communication.Refit", "ZEA.Communication.Refit\ZEA.Communication.Refit.csproj", "{81F0D783-622A-4F67-ADE3-94ACD46A7C8D}"
EndProject
Project("{FAE04EC0-301F-11D3-BF4B-00C04F79EFBC}") = "ZEA.Communication.Messaging.MassTransit", "ZEA.Communication.Messaging.MassTransit\ZEA.Communication.Messaging.MassTransit.csproj", "{8FE30EBD-FD13-4A91-A5FD-2C4820E071AC}"
EndProject
Project("{FAE04EC0-301F-11D3-BF4B-00C04F79EFBC}") = "ZEA.Configuration.Abstractions", "ZEA.Configuration.Abstractions\ZEA.Configuration.Abstractions.csproj", "{80F8007F-0D7D-4614-AF0E-27CCF6C73571}"
EndProject
Project("{FAE04EC0-301F-11D3-BF4B-00C04F79EFBC}") = "ZEA.Configuration.AzureKeyVault", "ZEA.Configuration.AzureKeyVault\ZEA.Configuration.AzureKeyVault.csproj", "{A2A92C1C-E0FB-426C-86DB-61C95A139E33}"
EndProject
Project("{FAE04EC0-301F-11D3-BF4B-00C04F79EFBC}") = "ZEA.Configuration.HashicorpVault", "ZEA.Configuration.HashicorpVault\ZEA.Configuration.HashicorpVault.csproj", "{1B0EB2BB-8AAB-4E8F-9CDB-0B0FD0FF798C}"
EndProject
Project("{FAE04EC0-301F-11D3-BF4B-00C04F79EFBC}") = "ZEA.Data.Modelling", "ZEA.Data.Modelling\ZEA.Data.Modelling.csproj", "{6A3EE0AA-8DBE-4DBC-89C2-57CDB8066B3E}"
EndProject
Project("{FAE04EC0-301F-11D3-BF4B-00C04F79EFBC}") = "ZEA.Serialization.Abstractions", "ZEA.Serialization.Abstractions\ZEA.Serialization.Abstractions.csproj", "{661F33A1-98FC-421F-9C53-C424BA517C9A}"
EndProject
Project("{FAE04EC0-301F-11D3-BF4B-00C04F79EFBC}") = "ZEA.Serialization.NewtonsoftJson", "ZEA.Serialization.NewtonsoftJson\ZEA.Serialization.NewtonsoftJson.csproj", "{54D18ACE-80C9-49AE-A99B-BE85E8144462}"
EndProject
Project("{FAE04EC0-301F-11D3-BF4B-00C04F79EFBC}") = "ZEA.Validation.Abstractions", "ZEA.Validation.Abstractions\ZEA.Validation.Abstractions.csproj", "{66BF593C-5667-475D-A153-7B36AC98B461}"
EndProject
Project("{FAE04EC0-301F-11D3-BF4B-00C04F79EFBC}") = "ZEA.Validation.FluentValidation", "ZEA.Validation.FluentValidation\ZEA.Validation.FluentValidation.csproj", "{B91C10CF-FE89-46A3-9C74-25819D062DA2}"
EndProject
Global
	GlobalSection(SolutionConfigurationPlatforms) = preSolution
		Debug|Any CPU = Debug|Any CPU
		Release|Any CPU = Release|Any CPU
	EndGlobalSection
	GlobalSection(NestedProjects) = preSolution
		{C4890210-4F82-46C1-8610-EC56CAB61CB4} = {2ACF15A9-C70D-4663-A2DA-17CE2855CCA5}
		{1E863AB8-8964-49F8-861B-515C7F1CC10B} = {C4890210-4F82-46C1-8610-EC56CAB61CB4}
		{EA13C9E1-C56C-4057-8CEA-5340C97CF04C} = {C4890210-4F82-46C1-8610-EC56CAB61CB4}
		{DC44E601-0B44-48B9-A3E7-16A6A8D46606} = {125FA61A-3BBB-4EE8-8103-3BACACC0201D}
		{FCC73B74-34CB-4C6E-8256-577630D2EF38} = {125FA61A-3BBB-4EE8-8103-3BACACC0201D}
		{30A187B2-2E00-463A-9506-54EF7929D07F} = {EA13C9E1-C56C-4057-8CEA-5340C97CF04C}
		{5AB96AC9-ADD9-478C-B617-03D97C0FC329} = {EA13C9E1-C56C-4057-8CEA-5340C97CF04C}
		{76B13FF2-DD6D-41A7-AA69-1D797DFCAFE9} = {EA13C9E1-C56C-4057-8CEA-5340C97CF04C}
		{E137E3D1-D3FE-45C1-9C4A-1E7F21DE8880} = {1E863AB8-8964-49F8-861B-515C7F1CC10B}
		{9AD102CE-D60F-4C87-8D3A-3505BCD473EF} = {1E863AB8-8964-49F8-861B-515C7F1CC10B}
		{E08C3847-1883-4E54-9BB5-CE775462A454} = {1E863AB8-8964-49F8-861B-515C7F1CC10B}
		{EC894491-0BB0-4ECC-921B-8D47139EAA44} = {1E863AB8-8964-49F8-861B-515C7F1CC10B}
		{F89B413A-2F96-4F75-B883-9BB70D058E41} = {C4890210-4F82-46C1-8610-EC56CAB61CB4}
		{2EE59B41-FCB7-4143-848D-34C54B7EA721} = {C4890210-4F82-46C1-8610-EC56CAB61CB4}
		{AC44E6D6-58FE-4792-878A-68E8FBE71B7B} = {2ACF15A9-C70D-4663-A2DA-17CE2855CCA5}
		{E89426B8-1AF8-425C-BF14-0B9F64269E0C} = {2ACF15A9-C70D-4663-A2DA-17CE2855CCA5}
		{10EED62F-A58C-4C9E-BE1F-DAACE81BF215} = {2ACF15A9-C70D-4663-A2DA-17CE2855CCA5}
		{10EE709B-BF7E-4315-AA90-41D98A9E4921} = {2ACF15A9-C70D-4663-A2DA-17CE2855CCA5}
		{29270759-C8AC-4C48-902F-88287CA3C087} = {76494949-86B3-4F74-A135-A9F66F4CBFAF}
		{68F6FF39-EBF7-4B64-BED1-89716BCA48EB} = {76494949-86B3-4F74-A135-A9F66F4CBFAF}
		{21B83B1C-A0E8-46F2-88A9-8C04DE68BD57} = {76494949-86B3-4F74-A135-A9F66F4CBFAF}
		{81F0D783-622A-4F67-ADE3-94ACD46A7C8D} = {76494949-86B3-4F74-A135-A9F66F4CBFAF}
		{8FE30EBD-FD13-4A91-A5FD-2C4820E071AC} = {76494949-86B3-4F74-A135-A9F66F4CBFAF}
		{80F8007F-0D7D-4614-AF0E-27CCF6C73571} = {330BD57F-24D2-4006-B30B-C92E409D92A2}
		{A2A92C1C-E0FB-426C-86DB-61C95A139E33} = {330BD57F-24D2-4006-B30B-C92E409D92A2}
		{1B0EB2BB-8AAB-4E8F-9CDB-0B0FD0FF798C} = {330BD57F-24D2-4006-B30B-C92E409D92A2}
		{6A3EE0AA-8DBE-4DBC-89C2-57CDB8066B3E} = {AB375879-6818-4CF5-8246-6CC49FD3ADA0}
		{661F33A1-98FC-421F-9C53-C424BA517C9A} = {C83B1152-7609-4166-A2C7-D25F22E1BDD9}
		{54D18ACE-80C9-49AE-A99B-BE85E8144462} = {C83B1152-7609-4166-A2C7-D25F22E1BDD9}
		{66BF593C-5667-475D-A153-7B36AC98B461} = {59B49CBD-4E45-435B-94E6-F82FA4D6F556}
		{B91C10CF-FE89-46A3-9C74-25819D062DA2} = {59B49CBD-4E45-435B-94E6-F82FA4D6F556}
	EndGlobalSection
	GlobalSection(ProjectConfigurationPlatforms) = postSolution
		{DC44E601-0B44-48B9-A3E7-16A6A8D46606}.Debug|Any CPU.ActiveCfg = Debug|Any CPU
		{DC44E601-0B44-48B9-A3E7-16A6A8D46606}.Debug|Any CPU.Build.0 = Debug|Any CPU
		{DC44E601-0B44-48B9-A3E7-16A6A8D46606}.Release|Any CPU.ActiveCfg = Release|Any CPU
		{DC44E601-0B44-48B9-A3E7-16A6A8D46606}.Release|Any CPU.Build.0 = Release|Any CPU
		{FCC73B74-34CB-4C6E-8256-577630D2EF38}.Debug|Any CPU.ActiveCfg = Debug|Any CPU
		{FCC73B74-34CB-4C6E-8256-577630D2EF38}.Debug|Any CPU.Build.0 = Debug|Any CPU
		{FCC73B74-34CB-4C6E-8256-577630D2EF38}.Release|Any CPU.ActiveCfg = Release|Any CPU
		{FCC73B74-34CB-4C6E-8256-577630D2EF38}.Release|Any CPU.Build.0 = Release|Any CPU
		{30A187B2-2E00-463A-9506-54EF7929D07F}.Debug|Any CPU.ActiveCfg = Debug|Any CPU
		{30A187B2-2E00-463A-9506-54EF7929D07F}.Debug|Any CPU.Build.0 = Debug|Any CPU
		{30A187B2-2E00-463A-9506-54EF7929D07F}.Release|Any CPU.ActiveCfg = Release|Any CPU
		{30A187B2-2E00-463A-9506-54EF7929D07F}.Release|Any CPU.Build.0 = Release|Any CPU
		{5AB96AC9-ADD9-478C-B617-03D97C0FC329}.Debug|Any CPU.ActiveCfg = Debug|Any CPU
		{5AB96AC9-ADD9-478C-B617-03D97C0FC329}.Debug|Any CPU.Build.0 = Debug|Any CPU
		{5AB96AC9-ADD9-478C-B617-03D97C0FC329}.Release|Any CPU.ActiveCfg = Release|Any CPU
		{5AB96AC9-ADD9-478C-B617-03D97C0FC329}.Release|Any CPU.Build.0 = Release|Any CPU
		{76B13FF2-DD6D-41A7-AA69-1D797DFCAFE9}.Debug|Any CPU.ActiveCfg = Debug|Any CPU
		{76B13FF2-DD6D-41A7-AA69-1D797DFCAFE9}.Debug|Any CPU.Build.0 = Debug|Any CPU
		{76B13FF2-DD6D-41A7-AA69-1D797DFCAFE9}.Release|Any CPU.ActiveCfg = Release|Any CPU
		{76B13FF2-DD6D-41A7-AA69-1D797DFCAFE9}.Release|Any CPU.Build.0 = Release|Any CPU
		{E137E3D1-D3FE-45C1-9C4A-1E7F21DE8880}.Debug|Any CPU.ActiveCfg = Debug|Any CPU
		{E137E3D1-D3FE-45C1-9C4A-1E7F21DE8880}.Debug|Any CPU.Build.0 = Debug|Any CPU
		{E137E3D1-D3FE-45C1-9C4A-1E7F21DE8880}.Release|Any CPU.ActiveCfg = Release|Any CPU
		{E137E3D1-D3FE-45C1-9C4A-1E7F21DE8880}.Release|Any CPU.Build.0 = Release|Any CPU
		{9AD102CE-D60F-4C87-8D3A-3505BCD473EF}.Debug|Any CPU.ActiveCfg = Debug|Any CPU
		{9AD102CE-D60F-4C87-8D3A-3505BCD473EF}.Debug|Any CPU.Build.0 = Debug|Any CPU
		{9AD102CE-D60F-4C87-8D3A-3505BCD473EF}.Release|Any CPU.ActiveCfg = Release|Any CPU
		{9AD102CE-D60F-4C87-8D3A-3505BCD473EF}.Release|Any CPU.Build.0 = Release|Any CPU
		{E08C3847-1883-4E54-9BB5-CE775462A454}.Debug|Any CPU.ActiveCfg = Debug|Any CPU
		{E08C3847-1883-4E54-9BB5-CE775462A454}.Debug|Any CPU.Build.0 = Debug|Any CPU
		{E08C3847-1883-4E54-9BB5-CE775462A454}.Release|Any CPU.ActiveCfg = Release|Any CPU
		{E08C3847-1883-4E54-9BB5-CE775462A454}.Release|Any CPU.Build.0 = Release|Any CPU
		{EC894491-0BB0-4ECC-921B-8D47139EAA44}.Debug|Any CPU.ActiveCfg = Debug|Any CPU
		{EC894491-0BB0-4ECC-921B-8D47139EAA44}.Debug|Any CPU.Build.0 = Debug|Any CPU
		{EC894491-0BB0-4ECC-921B-8D47139EAA44}.Release|Any CPU.ActiveCfg = Release|Any CPU
		{EC894491-0BB0-4ECC-921B-8D47139EAA44}.Release|Any CPU.Build.0 = Release|Any CPU
		{F89B413A-2F96-4F75-B883-9BB70D058E41}.Debug|Any CPU.ActiveCfg = Debug|Any CPU
		{F89B413A-2F96-4F75-B883-9BB70D058E41}.Debug|Any CPU.Build.0 = Debug|Any CPU
		{F89B413A-2F96-4F75-B883-9BB70D058E41}.Release|Any CPU.ActiveCfg = Release|Any CPU
		{F89B413A-2F96-4F75-B883-9BB70D058E41}.Release|Any CPU.Build.0 = Release|Any CPU
		{2EE59B41-FCB7-4143-848D-34C54B7EA721}.Debug|Any CPU.ActiveCfg = Debug|Any CPU
		{2EE59B41-FCB7-4143-848D-34C54B7EA721}.Debug|Any CPU.Build.0 = Debug|Any CPU
		{2EE59B41-FCB7-4143-848D-34C54B7EA721}.Release|Any CPU.ActiveCfg = Release|Any CPU
		{2EE59B41-FCB7-4143-848D-34C54B7EA721}.Release|Any CPU.Build.0 = Release|Any CPU
		{AC44E6D6-58FE-4792-878A-68E8FBE71B7B}.Debug|Any CPU.ActiveCfg = Debug|Any CPU
		{AC44E6D6-58FE-4792-878A-68E8FBE71B7B}.Debug|Any CPU.Build.0 = Debug|Any CPU
		{AC44E6D6-58FE-4792-878A-68E8FBE71B7B}.Release|Any CPU.ActiveCfg = Release|Any CPU
		{AC44E6D6-58FE-4792-878A-68E8FBE71B7B}.Release|Any CPU.Build.0 = Release|Any CPU
		{E89426B8-1AF8-425C-BF14-0B9F64269E0C}.Debug|Any CPU.ActiveCfg = Debug|Any CPU
		{E89426B8-1AF8-425C-BF14-0B9F64269E0C}.Debug|Any CPU.Build.0 = Debug|Any CPU
		{E89426B8-1AF8-425C-BF14-0B9F64269E0C}.Release|Any CPU.ActiveCfg = Release|Any CPU
		{E89426B8-1AF8-425C-BF14-0B9F64269E0C}.Release|Any CPU.Build.0 = Release|Any CPU
		{10EED62F-A58C-4C9E-BE1F-DAACE81BF215}.Debug|Any CPU.ActiveCfg = Debug|Any CPU
		{10EED62F-A58C-4C9E-BE1F-DAACE81BF215}.Debug|Any CPU.Build.0 = Debug|Any CPU
		{10EED62F-A58C-4C9E-BE1F-DAACE81BF215}.Release|Any CPU.ActiveCfg = Release|Any CPU
		{10EED62F-A58C-4C9E-BE1F-DAACE81BF215}.Release|Any CPU.Build.0 = Release|Any CPU
		{10EE709B-BF7E-4315-AA90-41D98A9E4921}.Debug|Any CPU.ActiveCfg = Debug|Any CPU
		{10EE709B-BF7E-4315-AA90-41D98A9E4921}.Debug|Any CPU.Build.0 = Debug|Any CPU
		{10EE709B-BF7E-4315-AA90-41D98A9E4921}.Release|Any CPU.ActiveCfg = Release|Any CPU
		{10EE709B-BF7E-4315-AA90-41D98A9E4921}.Release|Any CPU.Build.0 = Release|Any CPU
		{29270759-C8AC-4C48-902F-88287CA3C087}.Debug|Any CPU.ActiveCfg = Debug|Any CPU
		{29270759-C8AC-4C48-902F-88287CA3C087}.Debug|Any CPU.Build.0 = Debug|Any CPU
		{29270759-C8AC-4C48-902F-88287CA3C087}.Release|Any CPU.ActiveCfg = Release|Any CPU
		{29270759-C8AC-4C48-902F-88287CA3C087}.Release|Any CPU.Build.0 = Release|Any CPU
		{68F6FF39-EBF7-4B64-BED1-89716BCA48EB}.Debug|Any CPU.ActiveCfg = Debug|Any CPU
		{68F6FF39-EBF7-4B64-BED1-89716BCA48EB}.Debug|Any CPU.Build.0 = Debug|Any CPU
		{68F6FF39-EBF7-4B64-BED1-89716BCA48EB}.Release|Any CPU.ActiveCfg = Release|Any CPU
		{68F6FF39-EBF7-4B64-BED1-89716BCA48EB}.Release|Any CPU.Build.0 = Release|Any CPU
		{21B83B1C-A0E8-46F2-88A9-8C04DE68BD57}.Debug|Any CPU.ActiveCfg = Debug|Any CPU
		{21B83B1C-A0E8-46F2-88A9-8C04DE68BD57}.Debug|Any CPU.Build.0 = Debug|Any CPU
		{21B83B1C-A0E8-46F2-88A9-8C04DE68BD57}.Release|Any CPU.ActiveCfg = Release|Any CPU
		{21B83B1C-A0E8-46F2-88A9-8C04DE68BD57}.Release|Any CPU.Build.0 = Release|Any CPU
		{81F0D783-622A-4F67-ADE3-94ACD46A7C8D}.Debug|Any CPU.ActiveCfg = Debug|Any CPU
		{81F0D783-622A-4F67-ADE3-94ACD46A7C8D}.Debug|Any CPU.Build.0 = Debug|Any CPU
		{81F0D783-622A-4F67-ADE3-94ACD46A7C8D}.Release|Any CPU.ActiveCfg = Release|Any CPU
		{81F0D783-622A-4F67-ADE3-94ACD46A7C8D}.Release|Any CPU.Build.0 = Release|Any CPU
		{8FE30EBD-FD13-4A91-A5FD-2C4820E071AC}.Debug|Any CPU.ActiveCfg = Debug|Any CPU
		{8FE30EBD-FD13-4A91-A5FD-2C4820E071AC}.Debug|Any CPU.Build.0 = Debug|Any CPU
		{8FE30EBD-FD13-4A91-A5FD-2C4820E071AC}.Release|Any CPU.ActiveCfg = Release|Any CPU
		{8FE30EBD-FD13-4A91-A5FD-2C4820E071AC}.Release|Any CPU.Build.0 = Release|Any CPU
		{80F8007F-0D7D-4614-AF0E-27CCF6C73571}.Debug|Any CPU.ActiveCfg = Debug|Any CPU
		{80F8007F-0D7D-4614-AF0E-27CCF6C73571}.Debug|Any CPU.Build.0 = Debug|Any CPU
		{80F8007F-0D7D-4614-AF0E-27CCF6C73571}.Release|Any CPU.ActiveCfg = Release|Any CPU
		{80F8007F-0D7D-4614-AF0E-27CCF6C73571}.Release|Any CPU.Build.0 = Release|Any CPU
		{A2A92C1C-E0FB-426C-86DB-61C95A139E33}.Debug|Any CPU.ActiveCfg = Debug|Any CPU
		{A2A92C1C-E0FB-426C-86DB-61C95A139E33}.Debug|Any CPU.Build.0 = Debug|Any CPU
		{A2A92C1C-E0FB-426C-86DB-61C95A139E33}.Release|Any CPU.ActiveCfg = Release|Any CPU
		{A2A92C1C-E0FB-426C-86DB-61C95A139E33}.Release|Any CPU.Build.0 = Release|Any CPU
		{1B0EB2BB-8AAB-4E8F-9CDB-0B0FD0FF798C}.Debug|Any CPU.ActiveCfg = Debug|Any CPU
		{1B0EB2BB-8AAB-4E8F-9CDB-0B0FD0FF798C}.Debug|Any CPU.Build.0 = Debug|Any CPU
		{1B0EB2BB-8AAB-4E8F-9CDB-0B0FD0FF798C}.Release|Any CPU.ActiveCfg = Release|Any CPU
		{1B0EB2BB-8AAB-4E8F-9CDB-0B0FD0FF798C}.Release|Any CPU.Build.0 = Release|Any CPU
		{6A3EE0AA-8DBE-4DBC-89C2-57CDB8066B3E}.Debug|Any CPU.ActiveCfg = Debug|Any CPU
		{6A3EE0AA-8DBE-4DBC-89C2-57CDB8066B3E}.Debug|Any CPU.Build.0 = Debug|Any CPU
		{6A3EE0AA-8DBE-4DBC-89C2-57CDB8066B3E}.Release|Any CPU.ActiveCfg = Release|Any CPU
		{6A3EE0AA-8DBE-4DBC-89C2-57CDB8066B3E}.Release|Any CPU.Build.0 = Release|Any CPU
		{661F33A1-98FC-421F-9C53-C424BA517C9A}.Debug|Any CPU.ActiveCfg = Debug|Any CPU
		{661F33A1-98FC-421F-9C53-C424BA517C9A}.Debug|Any CPU.Build.0 = Debug|Any CPU
		{661F33A1-98FC-421F-9C53-C424BA517C9A}.Release|Any CPU.ActiveCfg = Release|Any CPU
		{661F33A1-98FC-421F-9C53-C424BA517C9A}.Release|Any CPU.Build.0 = Release|Any CPU
		{54D18ACE-80C9-49AE-A99B-BE85E8144462}.Debug|Any CPU.ActiveCfg = Debug|Any CPU
		{54D18ACE-80C9-49AE-A99B-BE85E8144462}.Debug|Any CPU.Build.0 = Debug|Any CPU
		{54D18ACE-80C9-49AE-A99B-BE85E8144462}.Release|Any CPU.ActiveCfg = Release|Any CPU
		{54D18ACE-80C9-49AE-A99B-BE85E8144462}.Release|Any CPU.Build.0 = Release|Any CPU
		{66BF593C-5667-475D-A153-7B36AC98B461}.Debug|Any CPU.ActiveCfg = Debug|Any CPU
		{66BF593C-5667-475D-A153-7B36AC98B461}.Debug|Any CPU.Build.0 = Debug|Any CPU
		{66BF593C-5667-475D-A153-7B36AC98B461}.Release|Any CPU.ActiveCfg = Release|Any CPU
		{66BF593C-5667-475D-A153-7B36AC98B461}.Release|Any CPU.Build.0 = Release|Any CPU
		{B91C10CF-FE89-46A3-9C74-25819D062DA2}.Debug|Any CPU.ActiveCfg = Debug|Any CPU
		{B91C10CF-FE89-46A3-9C74-25819D062DA2}.Debug|Any CPU.Build.0 = Debug|Any CPU
		{B91C10CF-FE89-46A3-9C74-25819D062DA2}.Release|Any CPU.ActiveCfg = Release|Any CPU
		{B91C10CF-FE89-46A3-9C74-25819D062DA2}.Release|Any CPU.Build.0 = Release|Any CPU
	EndGlobalSection
EndGlobal
