
Microsoft Visual Studio Solution File, Format Version 12.00
Project("{2150E333-8FDC-42A3-9474-1A3956D46DE8}") = "Applications", "Applications", "{125FA61A-3BBB-4EE8-8103-3BACACC0201D}"
EndProject
Project("{2150E333-8FDC-42A3-9474-1A3956D46DE8}") = "Architectures", "Architectures", "{2ACF15A9-C70D-4663-A2DA-17CE2855CCA5}"
EndProject
Project("{2150E333-8FDC-42A3-9474-1A3956D46DE8}") = "Configurations", "Configurations", "{330BD57F-24D2-4006-B30B-C92E409D92A2}"
EndProject
Project("{2150E333-8FDC-42A3-9474-1A3956D46DE8}") = "Communication", "Communication", "{76494949-86B3-4F74-A135-A9F66F4CBFAF}"
EndProject
Project("{2150E333-8FDC-42A3-9474-1A3956D46DE8}") = "Serialization", "Serialization", "{C83B1152-7609-4166-A2C7-D25F22E1BDD9}"
EndProject
Project("{2150E333-8FDC-42A3-9474-1A3956D46DE8}") = "Validation", "Validation", "{59B49CBD-4E45-435B-94E6-F82FA4D6F556}"
EndProject
Project("{2150E333-8FDC-42A3-9474-1A3956D46DE8}") = "StrongTypes", "StrongTypes", "{1E863AB8-8964-49F8-861B-515C7F1CC10B}"
EndProject
Project("{2150E333-8FDC-42A3-9474-1A3956D46DE8}") = "Mediators", "Mediators", "{EA13C9E1-C56C-4057-8CEA-5340C97CF04C}"
EndProject
Project("{FAE04EC0-301F-11D3-BF4B-00C04F79EFBC}") = "ZEA.Applications.WebApis.MVC", "ZEA.Applications.WebApis.MVC\ZEA.Applications.WebApis.MVC.csproj", "{DC44E601-0B44-48B9-A3E7-16A6A8D46606}"
EndProject
Project("{FAE04EC0-301F-11D3-BF4B-00C04F79EFBC}") = "ZEA.Applications.WebApis.Swagger", "ZEA.Applications.WebApis.Swagger\ZEA.Applications.WebApis.Swagger.csproj", "{FCC73B74-34CB-4C6E-8256-577630D2EF38}"
EndProject
Project("{FAE04EC0-301F-11D3-BF4B-00C04F79EFBC}") = "ZEA.Architectures.Mediators.Abstractions", "ZEA.Architectures.Mediators.Abstractions\ZEA.Architectures.Mediators.Abstractions.csproj", "{30A187B2-2E00-463A-9506-54EF7929D07F}"
EndProject
Project("{FAE04EC0-301F-11D3-BF4B-00C04F79EFBC}") = "ZEA.Architectures.Mediators.MediatrWrapper", "ZEA.Architectures.Mediators.MediatrWrapper\ZEA.Architectures.Mediators.MediatrWrapper.csproj", "{5AB96AC9-ADD9-478C-B617-03D97C0FC329}"
EndProject
Project("{FAE04EC0-301F-11D3-BF4B-00C04F79EFBC}") = "ZEA.Architectures.Mediators.MediatrWrapper.Tests", "ZEA.Architectures.Mediators.MediatrWrapper.Tests\ZEA.Architectures.Mediators.MediatrWrapper.Tests.csproj", "{76B13FF2-DD6D-41A7-AA69-1D797DFCAFE9}"
EndProject
Project("{FAE04EC0-301F-11D3-BF4B-00C04F79EFBC}") = "ZEA.Techniques.StrongTypes", "ZEA.Techniques.StrongTypes\ZEA.Techniques.StrongTypes.csproj", "{E137E3D1-D3FE-45C1-9C4A-1E7F21DE8880}"
EndProject
Project("{FAE04EC0-301F-11D3-BF4B-00C04F79EFBC}") = "ZEA.Techniques.StrongTypes.Generators", "ZEA.Techniques.StrongTypes.Generators\ZEA.Techniques.StrongTypes.Generators.csproj", "{9AD102CE-D60F-4C87-8D3A-3505BCD473EF}"
EndProject
Project("{FAE04EC0-301F-11D3-BF4B-00C04F79EFBC}") = "ZEA.Techniques.StrongTypes.Generators.Samples", "ZEA.Techniques.StrongTypes.Generators.Samples\ZEA.Techniques.StrongTypes.Generators.Samples.csproj", "{E08C3847-1883-4E54-9BB5-CE775462A454}"
EndProject
Project("{FAE04EC0-301F-11D3-BF4B-00C04F79EFBC}") = "ZEA.Techniques.StrongTypes.Generators.Tests", "ZEA.Techniques.StrongTypes.Generators.Tests\ZEA.Techniques.StrongTypes.Generators.Tests.csproj", "{EC894491-0BB0-4ECC-921B-8D47139EAA44}"
EndProject
Project("{FAE04EC0-301F-11D3-BF4B-00C04F79EFBC}") = "ZEA.Techniques.RailwayOrientedProgramming", "ZEA.Techniques.RailwayOrientedProgramming\ZEA.Techniques.RailwayOrientedProgramming.csproj", "{F89B413A-2F96-4F75-B883-9BB70D058E41}"
EndProject
Project("{FAE04EC0-301F-11D3-BF4B-00C04F79EFBC}") = "ZEA.Techniques.ADTs", "ZEA.Techniques.ADTs\ZEA.Techniques.ADTs.csproj", "{2EE59B41-FCB7-4143-848D-34C54B7EA721}"
EndProject
Project("{FAE04EC0-301F-11D3-BF4B-00C04F79EFBC}") = "ZEA.Architectures.DDD.Abstractions", "ZEA.Architectures.DDD.Abstractions\ZEA.Architectures.DDD.Abstractions.csproj", "{AC44E6D6-58FE-4792-878A-68E8FBE71B7B}"
EndProject
Project("{FAE04EC0-301F-11D3-BF4B-00C04F79EFBC}") = "ZEA.Architectures.EventSourcing", "ZEA.Architectures.EventSourcing\ZEA.Architectures.EventSourcing.csproj", "{E89426B8-1AF8-425C-BF14-0B9F64269E0C}"
EndProject
Project("{FAE04EC0-301F-11D3-BF4B-00C04F79EFBC}") = "ZEA.Architectures.Hexagonal", "ZEA.Architectures.Hexagonal\ZEA.Architectures.Hexagonal.csproj", "{10EED62F-A58C-4C9E-BE1F-DAACE81BF215}"
EndProject
Project("{FAE04EC0-301F-11D3-BF4B-00C04F79EFBC}") = "ZEA.Architectures.Modularization", "ZEA.Architectures.Modularization\ZEA.Architectures.Modularization.csproj", "{10EE709B-BF7E-4315-AA90-41D98A9E4921}"
EndProject
Project("{FAE04EC0-301F-11D3-BF4B-00C04F79EFBC}") = "ZEA.Communications.Abstractions", "ZEA.Communications.Abstractions\ZEA.Communications.Abstractions.csproj", "{29270759-C8AC-4C48-902F-88287CA3C087}"
EndProject
Project("{FAE04EC0-301F-11D3-BF4B-00C04F79EFBC}") = "ZEA.Communications.gRPC", "ZEA.Communications.gRPC\ZEA.Communications.gRPC.csproj", "{68F6FF39-EBF7-4B64-BED1-89716BCA48EB}"
EndProject
Project("{FAE04EC0-301F-11D3-BF4B-00C04F79EFBC}") = "ZEA.Communications.Messaging.Abstractions", "ZEA.Communications.Messaging.Abstractions\ZEA.Communications.Messaging.Abstractions.csproj", "{21B83B1C-A0E8-46F2-88A9-8C04DE68BD57}"
EndProject
Project("{FAE04EC0-301F-11D3-BF4B-00C04F79EFBC}") = "ZEA.Communications.Refit", "ZEA.Communications.Refit\ZEA.Communications.Refit.csproj", "{81F0D783-622A-4F67-ADE3-94ACD46A7C8D}"
EndProject
Project("{FAE04EC0-301F-11D3-BF4B-00C04F79EFBC}") = "ZEA.Communications.Messaging.MassTransit", "ZEA.Communications.Messaging.MassTransit\ZEA.Communications.Messaging.MassTransit.csproj", "{8FE30EBD-FD13-4A91-A5FD-2C4820E071AC}"
EndProject
Project("{FAE04EC0-301F-11D3-BF4B-00C04F79EFBC}") = "ZEA.Configurations.Abstractions", "ZEA.Configurations.Abstractions\ZEA.Configurations.Abstractions.csproj", "{80F8007F-0D7D-4614-AF0E-27CCF6C73571}"
EndProject
Project("{FAE04EC0-301F-11D3-BF4B-00C04F79EFBC}") = "ZEA.Configurations.AzureKeyVault", "ZEA.Configurations.AzureKeyVault\ZEA.Configurations.AzureKeyVault.csproj", "{A2A92C1C-E0FB-426C-86DB-61C95A139E33}"
EndProject
Project("{FAE04EC0-301F-11D3-BF4B-00C04F79EFBC}") = "ZEA.Configurations.HashicorpVault", "ZEA.Configurations.HashicorpVault\ZEA.Configurations.HashicorpVault.csproj", "{1B0EB2BB-8AAB-4E8F-9CDB-0B0FD0FF798C}"
EndProject
Project("{FAE04EC0-301F-11D3-BF4B-00C04F79EFBC}") = "ZEA.Architectures.DDD.Modelling", "ZEA.Architectures.DDD.Modelling\ZEA.Architectures.DDD.Modelling.csproj", "{6A3EE0AA-8DBE-4DBC-89C2-57CDB8066B3E}"
EndProject
Project("{FAE04EC0-301F-11D3-BF4B-00C04F79EFBC}") = "ZEA.Serializations.Abstractions", "ZEA.Serializations.Abstractions\ZEA.Serializations.Abstractions.csproj", "{661F33A1-98FC-421F-9C53-C424BA517C9A}"
EndProject
Project("{FAE04EC0-301F-11D3-BF4B-00C04F79EFBC}") = "ZEA.Serializations.NewtonsoftJson", "ZEA.Serializations.NewtonsoftJson\ZEA.Serializations.NewtonsoftJson.csproj", "{54D18ACE-80C9-49AE-A99B-BE85E8144462}"
EndProject
Project("{FAE04EC0-301F-11D3-BF4B-00C04F79EFBC}") = "ZEA.Validations.Abstractions", "ZEA.Validations.Abstractions\ZEA.Validations.Abstractions.csproj", "{66BF593C-5667-475D-A153-7B36AC98B461}"
EndProject
Project("{FAE04EC0-301F-11D3-BF4B-00C04F79EFBC}") = "ZEA.Validations.FluentValidation", "ZEA.Validations.FluentValidation\ZEA.Validations.FluentValidation.csproj", "{B91C10CF-FE89-46A3-9C74-25819D062DA2}"
EndProject
Project("{2150E333-8FDC-42A3-9474-1A3956D46DE8}") = "Techniques", "Techniques", "{9BA1EE1A-8910-4BC6-A618-22B091B49C0F}"
EndProject
Project("{2150E333-8FDC-42A3-9474-1A3956D46DE8}") = "DDD", "DDD", "{9FCCCFE8-2C0F-44D2-850A-E4521D238242}"
EndProject
Project("{2150E333-8FDC-42A3-9474-1A3956D46DE8}") = "ADTs", "ADTs", "{83B09205-37E5-43D7-8446-E03FD466564F}"
EndProject
Project("{2150E333-8FDC-42A3-9474-1A3956D46DE8}") = "ROPs", "ROPs", "{A280FE28-6068-4173-ACF2-70B9EBEDFAF6}"
EndProject
Project("{FAE04EC0-301F-11D3-BF4B-00C04F79EFBC}") = "ZEA.Architectures.Mediators.MediatrWrapper.Sample", "ZEA.Architectures.Mediators.MediatrWrapper.Sample\ZEA.Architectures.Mediators.MediatrWrapper.Sample.csproj", "{89C9D15D-EA50-4E76-ADEF-1BFF668F0B40}"
EndProject
Project("{FAE04EC0-301F-11D3-BF4B-00C04F79EFBC}") = "ZEA.Applications.Logging.Metadata.Abstractions", "ZEA.Applications.Logging.Metadata.Abstractions\ZEA.Applications.Logging.Metadata.Abstractions.csproj", "{89EEBD3D-6C9A-45AD-86C0-AEEDC41FC454}"
EndProject
Project("{FAE04EC0-301F-11D3-BF4B-00C04F79EFBC}") = "ZEA.Applications.Logging.Metadata.MVC", "ZEA.Applications.Logging.Metadata.MVC\ZEA.Applications.Logging.Metadata.MVC.csproj", "{9E765B7E-66B0-4B10-8FBC-3D0AE7F378CF}"
EndProject
Project("{FAE04EC0-301F-11D3-BF4B-00C04F79EFBC}") = "ZEA.Applications.Logging.Metadata.MVC.Tests", "ZEA.Applications.Logging.Metadata.MVC.Tests\ZEA.Applications.Logging.Metadata.MVC.Tests.csproj", "{C2D076BB-A949-4997-B4E5-E029188C3372}"
EndProject
Project("{FAE04EC0-301F-11D3-BF4B-00C04F79EFBC}") = "ZEA.Serializations.SystemTextJson", "ZEA.Serializations.SystemTextJson\ZEA.Serializations.SystemTextJson.csproj", "{26499954-0A2C-485D-85D0-BE636719742A}"
EndProject
Project("{FAE04EC0-301F-11D3-BF4B-00C04F79EFBC}") = "ZEA.Communications.Messaging.MassTransit.RabbitMq", "ZEA.Communications.Messaging.MassTransit.RabbitMq\ZEA.Communications.Messaging.MassTransit.RabbitMq.csproj", "{88FD8E56-01CC-4687-BE15-597B5EE864DA}"
EndProject
Project("{FAE04EC0-301F-11D3-BF4B-00C04F79EFBC}") = "ZEA.Communications.Messaging.MassTransit.AzureServiceBus", "ZEA.Communications.Messaging.MassTransit.AzureServiceBus\ZEA.Communications.Messaging.MassTransit.AzureServiceBus.csproj", "{FAA7FD4C-369D-4273-BF03-DCAB70552AD2}"
EndProject
Project("{FAE04EC0-301F-11D3-BF4B-00C04F79EFBC}") = "ZEA.Communications.Messaging.MassTransit.Generators", "ZEA.Communications.Messaging.MassTransit.Generators\ZEA.Communications.Messaging.MassTransit.Generators\ZEA.Communications.Messaging.MassTransit.Generators.csproj", "{9B5475A9-71A1-4A28-AA39-3C986A576540}"
EndProject
Project("{FAE04EC0-301F-11D3-BF4B-00C04F79EFBC}") = "ZEA.Communications.Messaging.MassTransit.Generators.Sample", "ZEA.Communications.Messaging.MassTransit.Generators\ZEA.Communications.Messaging.MassTransit.Generators.Sample\ZEA.Communications.Messaging.MassTransit.Generators.Sample.csproj", "{1E588B6C-6515-48E8-A1B4-ACF7A19EC0D6}"
EndProject
Global
	GlobalSection(SolutionConfigurationPlatforms) = preSolution
		Debug|Any CPU = Debug|Any CPU
		Release|Any CPU = Release|Any CPU
	EndGlobalSection
	GlobalSection(NestedProjects) = preSolution
		{DC44E601-0B44-48B9-A3E7-16A6A8D46606} = {125FA61A-3BBB-4EE8-8103-3BACACC0201D}
		{FCC73B74-34CB-4C6E-8256-577630D2EF38} = {125FA61A-3BBB-4EE8-8103-3BACACC0201D}
		{30A187B2-2E00-463A-9506-54EF7929D07F} = {EA13C9E1-C56C-4057-8CEA-5340C97CF04C}
		{5AB96AC9-ADD9-478C-B617-03D97C0FC329} = {EA13C9E1-C56C-4057-8CEA-5340C97CF04C}
		{76B13FF2-DD6D-41A7-AA69-1D797DFCAFE9} = {EA13C9E1-C56C-4057-8CEA-5340C97CF04C}
		{E137E3D1-D3FE-45C1-9C4A-1E7F21DE8880} = {1E863AB8-8964-49F8-861B-515C7F1CC10B}
		{9AD102CE-D60F-4C87-8D3A-3505BCD473EF} = {1E863AB8-8964-49F8-861B-515C7F1CC10B}
		{E08C3847-1883-4E54-9BB5-CE775462A454} = {1E863AB8-8964-49F8-861B-515C7F1CC10B}
		{EC894491-0BB0-4ECC-921B-8D47139EAA44} = {1E863AB8-8964-49F8-861B-515C7F1CC10B}
		{E89426B8-1AF8-425C-BF14-0B9F64269E0C} = {2ACF15A9-C70D-4663-A2DA-17CE2855CCA5}
		{10EE709B-BF7E-4315-AA90-41D98A9E4921} = {2ACF15A9-C70D-4663-A2DA-17CE2855CCA5}
		{29270759-C8AC-4C48-902F-88287CA3C087} = {76494949-86B3-4F74-A135-A9F66F4CBFAF}
		{68F6FF39-EBF7-4B64-BED1-89716BCA48EB} = {76494949-86B3-4F74-A135-A9F66F4CBFAF}
		{21B83B1C-A0E8-46F2-88A9-8C04DE68BD57} = {76494949-86B3-4F74-A135-A9F66F4CBFAF}
		{81F0D783-622A-4F67-ADE3-94ACD46A7C8D} = {76494949-86B3-4F74-A135-A9F66F4CBFAF}
		{8FE30EBD-FD13-4A91-A5FD-2C4820E071AC} = {76494949-86B3-4F74-A135-A9F66F4CBFAF}
		{80F8007F-0D7D-4614-AF0E-27CCF6C73571} = {330BD57F-24D2-4006-B30B-C92E409D92A2}
		{A2A92C1C-E0FB-426C-86DB-61C95A139E33} = {330BD57F-24D2-4006-B30B-C92E409D92A2}
		{1B0EB2BB-8AAB-4E8F-9CDB-0B0FD0FF798C} = {330BD57F-24D2-4006-B30B-C92E409D92A2}
		{661F33A1-98FC-421F-9C53-C424BA517C9A} = {C83B1152-7609-4166-A2C7-D25F22E1BDD9}
		{54D18ACE-80C9-49AE-A99B-BE85E8144462} = {C83B1152-7609-4166-A2C7-D25F22E1BDD9}
		{66BF593C-5667-475D-A153-7B36AC98B461} = {59B49CBD-4E45-435B-94E6-F82FA4D6F556}
		{B91C10CF-FE89-46A3-9C74-25819D062DA2} = {59B49CBD-4E45-435B-94E6-F82FA4D6F556}
		{1E863AB8-8964-49F8-861B-515C7F1CC10B} = {9BA1EE1A-8910-4BC6-A618-22B091B49C0F}
		{9FCCCFE8-2C0F-44D2-850A-E4521D238242} = {2ACF15A9-C70D-4663-A2DA-17CE2855CCA5}
		{AC44E6D6-58FE-4792-878A-68E8FBE71B7B} = {9FCCCFE8-2C0F-44D2-850A-E4521D238242}
		{6A3EE0AA-8DBE-4DBC-89C2-57CDB8066B3E} = {9FCCCFE8-2C0F-44D2-850A-E4521D238242}
		{EA13C9E1-C56C-4057-8CEA-5340C97CF04C} = {2ACF15A9-C70D-4663-A2DA-17CE2855CCA5}
		{83B09205-37E5-43D7-8446-E03FD466564F} = {9BA1EE1A-8910-4BC6-A618-22B091B49C0F}
		{2EE59B41-FCB7-4143-848D-34C54B7EA721} = {83B09205-37E5-43D7-8446-E03FD466564F}
		{A280FE28-6068-4173-ACF2-70B9EBEDFAF6} = {9BA1EE1A-8910-4BC6-A618-22B091B49C0F}
		{F89B413A-2F96-4F75-B883-9BB70D058E41} = {A280FE28-6068-4173-ACF2-70B9EBEDFAF6}
		{10EED62F-A58C-4C9E-BE1F-DAACE81BF215} = {2ACF15A9-C70D-4663-A2DA-17CE2855CCA5}
		{89C9D15D-EA50-4E76-ADEF-1BFF668F0B40} = {EA13C9E1-C56C-4057-8CEA-5340C97CF04C}
		{89EEBD3D-6C9A-45AD-86C0-AEEDC41FC454} = {125FA61A-3BBB-4EE8-8103-3BACACC0201D}
		{9E765B7E-66B0-4B10-8FBC-3D0AE7F378CF} = {125FA61A-3BBB-4EE8-8103-3BACACC0201D}
		{C2D076BB-A949-4997-B4E5-E029188C3372} = {125FA61A-3BBB-4EE8-8103-3BACACC0201D}
		{26499954-0A2C-485D-85D0-BE636719742A} = {C83B1152-7609-4166-A2C7-D25F22E1BDD9}
		{88FD8E56-01CC-4687-BE15-597B5EE864DA} = {76494949-86B3-4F74-A135-A9F66F4CBFAF}
		{FAA7FD4C-369D-4273-BF03-DCAB70552AD2} = {76494949-86B3-4F74-A135-A9F66F4CBFAF}
		{9B5475A9-71A1-4A28-AA39-3C986A576540} = {76494949-86B3-4F74-A135-A9F66F4CBFAF}
		{1E588B6C-6515-48E8-A1B4-ACF7A19EC0D6} = {76494949-86B3-4F74-A135-A9F66F4CBFAF}
	EndGlobalSection
	GlobalSection(ProjectConfigurationPlatforms) = postSolution
		{DC44E601-0B44-48B9-A3E7-16A6A8D46606}.Debug|Any CPU.ActiveCfg = Debug|Any CPU
		{DC44E601-0B44-48B9-A3E7-16A6A8D46606}.Debug|Any CPU.Build.0 = Debug|Any CPU
		{DC44E601-0B44-48B9-A3E7-16A6A8D46606}.Release|Any CPU.ActiveCfg = Release|Any CPU
		{DC44E601-0B44-48B9-A3E7-16A6A8D46606}.Release|Any CPU.Build.0 = Release|Any CPU
		{FCC73B74-34CB-4C6E-8256-577630D2EF38}.Debug|Any CPU.ActiveCfg = Debug|Any CPU
		{FCC73B74-34CB-4C6E-8256-577630D2EF38}.Debug|Any CPU.Build.0 = Debug|Any CPU
		{FCC73B74-34CB-4C6E-8256-577630D2EF38}.Release|Any CPU.ActiveCfg = Release|Any CPU
		{FCC73B74-34CB-4C6E-8256-577630D2EF38}.Release|Any CPU.Build.0 = Release|Any CPU
		{30A187B2-2E00-463A-9506-54EF7929D07F}.Debug|Any CPU.ActiveCfg = Debug|Any CPU
		{30A187B2-2E00-463A-9506-54EF7929D07F}.Debug|Any CPU.Build.0 = Debug|Any CPU
		{30A187B2-2E00-463A-9506-54EF7929D07F}.Release|Any CPU.ActiveCfg = Release|Any CPU
		{30A187B2-2E00-463A-9506-54EF7929D07F}.Release|Any CPU.Build.0 = Release|Any CPU
		{5AB96AC9-ADD9-478C-B617-03D97C0FC329}.Debug|Any CPU.ActiveCfg = Debug|Any CPU
		{5AB96AC9-ADD9-478C-B617-03D97C0FC329}.Debug|Any CPU.Build.0 = Debug|Any CPU
		{5AB96AC9-ADD9-478C-B617-03D97C0FC329}.Release|Any CPU.ActiveCfg = Release|Any CPU
		{5AB96AC9-ADD9-478C-B617-03D97C0FC329}.Release|Any CPU.Build.0 = Release|Any CPU
		{76B13FF2-DD6D-41A7-AA69-1D797DFCAFE9}.Debug|Any CPU.ActiveCfg = Debug|Any CPU
		{76B13FF2-DD6D-41A7-AA69-1D797DFCAFE9}.Debug|Any CPU.Build.0 = Debug|Any CPU
		{76B13FF2-DD6D-41A7-AA69-1D797DFCAFE9}.Release|Any CPU.ActiveCfg = Release|Any CPU
		{76B13FF2-DD6D-41A7-AA69-1D797DFCAFE9}.Release|Any CPU.Build.0 = Release|Any CPU
		{E137E3D1-D3FE-45C1-9C4A-1E7F21DE8880}.Debug|Any CPU.ActiveCfg = Debug|Any CPU
		{E137E3D1-D3FE-45C1-9C4A-1E7F21DE8880}.Debug|Any CPU.Build.0 = Debug|Any CPU
		{E137E3D1-D3FE-45C1-9C4A-1E7F21DE8880}.Release|Any CPU.ActiveCfg = Release|Any CPU
		{E137E3D1-D3FE-45C1-9C4A-1E7F21DE8880}.Release|Any CPU.Build.0 = Release|Any CPU
		{9AD102CE-D60F-4C87-8D3A-3505BCD473EF}.Debug|Any CPU.ActiveCfg = Debug|Any CPU
		{9AD102CE-D60F-4C87-8D3A-3505BCD473EF}.Debug|Any CPU.Build.0 = Debug|Any CPU
		{9AD102CE-D60F-4C87-8D3A-3505BCD473EF}.Release|Any CPU.ActiveCfg = Release|Any CPU
		{9AD102CE-D60F-4C87-8D3A-3505BCD473EF}.Release|Any CPU.Build.0 = Release|Any CPU
		{E08C3847-1883-4E54-9BB5-CE775462A454}.Debug|Any CPU.ActiveCfg = Debug|Any CPU
		{E08C3847-1883-4E54-9BB5-CE775462A454}.Debug|Any CPU.Build.0 = Debug|Any CPU
		{E08C3847-1883-4E54-9BB5-CE775462A454}.Release|Any CPU.ActiveCfg = Release|Any CPU
		{E08C3847-1883-4E54-9BB5-CE775462A454}.Release|Any CPU.Build.0 = Release|Any CPU
		{EC894491-0BB0-4ECC-921B-8D47139EAA44}.Debug|Any CPU.ActiveCfg = Debug|Any CPU
		{EC894491-0BB0-4ECC-921B-8D47139EAA44}.Debug|Any CPU.Build.0 = Debug|Any CPU
		{EC894491-0BB0-4ECC-921B-8D47139EAA44}.Release|Any CPU.ActiveCfg = Release|Any CPU
		{EC894491-0BB0-4ECC-921B-8D47139EAA44}.Release|Any CPU.Build.0 = Release|Any CPU
		{F89B413A-2F96-4F75-B883-9BB70D058E41}.Debug|Any CPU.ActiveCfg = Debug|Any CPU
		{F89B413A-2F96-4F75-B883-9BB70D058E41}.Debug|Any CPU.Build.0 = Debug|Any CPU
		{F89B413A-2F96-4F75-B883-9BB70D058E41}.Release|Any CPU.ActiveCfg = Release|Any CPU
		{F89B413A-2F96-4F75-B883-9BB70D058E41}.Release|Any CPU.Build.0 = Release|Any CPU
		{2EE59B41-FCB7-4143-848D-34C54B7EA721}.Debug|Any CPU.ActiveCfg = Debug|Any CPU
		{2EE59B41-FCB7-4143-848D-34C54B7EA721}.Debug|Any CPU.Build.0 = Debug|Any CPU
		{2EE59B41-FCB7-4143-848D-34C54B7EA721}.Release|Any CPU.ActiveCfg = Release|Any CPU
		{2EE59B41-FCB7-4143-848D-34C54B7EA721}.Release|Any CPU.Build.0 = Release|Any CPU
		{AC44E6D6-58FE-4792-878A-68E8FBE71B7B}.Debug|Any CPU.ActiveCfg = Debug|Any CPU
		{AC44E6D6-58FE-4792-878A-68E8FBE71B7B}.Debug|Any CPU.Build.0 = Debug|Any CPU
		{AC44E6D6-58FE-4792-878A-68E8FBE71B7B}.Release|Any CPU.ActiveCfg = Release|Any CPU
		{AC44E6D6-58FE-4792-878A-68E8FBE71B7B}.Release|Any CPU.Build.0 = Release|Any CPU
		{E89426B8-1AF8-425C-BF14-0B9F64269E0C}.Debug|Any CPU.ActiveCfg = Debug|Any CPU
		{E89426B8-1AF8-425C-BF14-0B9F64269E0C}.Debug|Any CPU.Build.0 = Debug|Any CPU
		{E89426B8-1AF8-425C-BF14-0B9F64269E0C}.Release|Any CPU.ActiveCfg = Release|Any CPU
		{E89426B8-1AF8-425C-BF14-0B9F64269E0C}.Release|Any CPU.Build.0 = Release|Any CPU
		{10EED62F-A58C-4C9E-BE1F-DAACE81BF215}.Debug|Any CPU.ActiveCfg = Debug|Any CPU
		{10EED62F-A58C-4C9E-BE1F-DAACE81BF215}.Debug|Any CPU.Build.0 = Debug|Any CPU
		{10EED62F-A58C-4C9E-BE1F-DAACE81BF215}.Release|Any CPU.ActiveCfg = Release|Any CPU
		{10EED62F-A58C-4C9E-BE1F-DAACE81BF215}.Release|Any CPU.Build.0 = Release|Any CPU
		{10EE709B-BF7E-4315-AA90-41D98A9E4921}.Debug|Any CPU.ActiveCfg = Debug|Any CPU
		{10EE709B-BF7E-4315-AA90-41D98A9E4921}.Debug|Any CPU.Build.0 = Debug|Any CPU
		{10EE709B-BF7E-4315-AA90-41D98A9E4921}.Release|Any CPU.ActiveCfg = Release|Any CPU
		{10EE709B-BF7E-4315-AA90-41D98A9E4921}.Release|Any CPU.Build.0 = Release|Any CPU
		{29270759-C8AC-4C48-902F-88287CA3C087}.Debug|Any CPU.ActiveCfg = Debug|Any CPU
		{29270759-C8AC-4C48-902F-88287CA3C087}.Debug|Any CPU.Build.0 = Debug|Any CPU
		{29270759-C8AC-4C48-902F-88287CA3C087}.Release|Any CPU.ActiveCfg = Release|Any CPU
		{29270759-C8AC-4C48-902F-88287CA3C087}.Release|Any CPU.Build.0 = Release|Any CPU
		{68F6FF39-EBF7-4B64-BED1-89716BCA48EB}.Debug|Any CPU.ActiveCfg = Debug|Any CPU
		{68F6FF39-EBF7-4B64-BED1-89716BCA48EB}.Debug|Any CPU.Build.0 = Debug|Any CPU
		{68F6FF39-EBF7-4B64-BED1-89716BCA48EB}.Release|Any CPU.ActiveCfg = Release|Any CPU
		{68F6FF39-EBF7-4B64-BED1-89716BCA48EB}.Release|Any CPU.Build.0 = Release|Any CPU
		{21B83B1C-A0E8-46F2-88A9-8C04DE68BD57}.Debug|Any CPU.ActiveCfg = Debug|Any CPU
		{21B83B1C-A0E8-46F2-88A9-8C04DE68BD57}.Debug|Any CPU.Build.0 = Debug|Any CPU
		{21B83B1C-A0E8-46F2-88A9-8C04DE68BD57}.Release|Any CPU.ActiveCfg = Release|Any CPU
		{21B83B1C-A0E8-46F2-88A9-8C04DE68BD57}.Release|Any CPU.Build.0 = Release|Any CPU
		{81F0D783-622A-4F67-ADE3-94ACD46A7C8D}.Debug|Any CPU.ActiveCfg = Debug|Any CPU
		{81F0D783-622A-4F67-ADE3-94ACD46A7C8D}.Debug|Any CPU.Build.0 = Debug|Any CPU
		{81F0D783-622A-4F67-ADE3-94ACD46A7C8D}.Release|Any CPU.ActiveCfg = Release|Any CPU
		{81F0D783-622A-4F67-ADE3-94ACD46A7C8D}.Release|Any CPU.Build.0 = Release|Any CPU
		{8FE30EBD-FD13-4A91-A5FD-2C4820E071AC}.Debug|Any CPU.ActiveCfg = Debug|Any CPU
		{8FE30EBD-FD13-4A91-A5FD-2C4820E071AC}.Debug|Any CPU.Build.0 = Debug|Any CPU
		{8FE30EBD-FD13-4A91-A5FD-2C4820E071AC}.Release|Any CPU.ActiveCfg = Release|Any CPU
		{8FE30EBD-FD13-4A91-A5FD-2C4820E071AC}.Release|Any CPU.Build.0 = Release|Any CPU
		{80F8007F-0D7D-4614-AF0E-27CCF6C73571}.Debug|Any CPU.ActiveCfg = Debug|Any CPU
		{80F8007F-0D7D-4614-AF0E-27CCF6C73571}.Debug|Any CPU.Build.0 = Debug|Any CPU
		{80F8007F-0D7D-4614-AF0E-27CCF6C73571}.Release|Any CPU.ActiveCfg = Release|Any CPU
		{80F8007F-0D7D-4614-AF0E-27CCF6C73571}.Release|Any CPU.Build.0 = Release|Any CPU
		{A2A92C1C-E0FB-426C-86DB-61C95A139E33}.Debug|Any CPU.ActiveCfg = Debug|Any CPU
		{A2A92C1C-E0FB-426C-86DB-61C95A139E33}.Debug|Any CPU.Build.0 = Debug|Any CPU
		{A2A92C1C-E0FB-426C-86DB-61C95A139E33}.Release|Any CPU.ActiveCfg = Release|Any CPU
		{A2A92C1C-E0FB-426C-86DB-61C95A139E33}.Release|Any CPU.Build.0 = Release|Any CPU
		{1B0EB2BB-8AAB-4E8F-9CDB-0B0FD0FF798C}.Debug|Any CPU.ActiveCfg = Debug|Any CPU
		{1B0EB2BB-8AAB-4E8F-9CDB-0B0FD0FF798C}.Debug|Any CPU.Build.0 = Debug|Any CPU
		{1B0EB2BB-8AAB-4E8F-9CDB-0B0FD0FF798C}.Release|Any CPU.ActiveCfg = Release|Any CPU
		{1B0EB2BB-8AAB-4E8F-9CDB-0B0FD0FF798C}.Release|Any CPU.Build.0 = Release|Any CPU
		{6A3EE0AA-8DBE-4DBC-89C2-57CDB8066B3E}.Debug|Any CPU.ActiveCfg = Debug|Any CPU
		{6A3EE0AA-8DBE-4DBC-89C2-57CDB8066B3E}.Debug|Any CPU.Build.0 = Debug|Any CPU
		{6A3EE0AA-8DBE-4DBC-89C2-57CDB8066B3E}.Release|Any CPU.ActiveCfg = Release|Any CPU
		{6A3EE0AA-8DBE-4DBC-89C2-57CDB8066B3E}.Release|Any CPU.Build.0 = Release|Any CPU
		{661F33A1-98FC-421F-9C53-C424BA517C9A}.Debug|Any CPU.ActiveCfg = Debug|Any CPU
		{661F33A1-98FC-421F-9C53-C424BA517C9A}.Debug|Any CPU.Build.0 = Debug|Any CPU
		{661F33A1-98FC-421F-9C53-C424BA517C9A}.Release|Any CPU.ActiveCfg = Release|Any CPU
		{661F33A1-98FC-421F-9C53-C424BA517C9A}.Release|Any CPU.Build.0 = Release|Any CPU
		{54D18ACE-80C9-49AE-A99B-BE85E8144462}.Debug|Any CPU.ActiveCfg = Debug|Any CPU
		{54D18ACE-80C9-49AE-A99B-BE85E8144462}.Debug|Any CPU.Build.0 = Debug|Any CPU
		{54D18ACE-80C9-49AE-A99B-BE85E8144462}.Release|Any CPU.ActiveCfg = Release|Any CPU
		{54D18ACE-80C9-49AE-A99B-BE85E8144462}.Release|Any CPU.Build.0 = Release|Any CPU
		{66BF593C-5667-475D-A153-7B36AC98B461}.Debug|Any CPU.ActiveCfg = Debug|Any CPU
		{66BF593C-5667-475D-A153-7B36AC98B461}.Debug|Any CPU.Build.0 = Debug|Any CPU
		{66BF593C-5667-475D-A153-7B36AC98B461}.Release|Any CPU.ActiveCfg = Release|Any CPU
		{66BF593C-5667-475D-A153-7B36AC98B461}.Release|Any CPU.Build.0 = Release|Any CPU
		{B91C10CF-FE89-46A3-9C74-25819D062DA2}.Debug|Any CPU.ActiveCfg = Debug|Any CPU
		{B91C10CF-FE89-46A3-9C74-25819D062DA2}.Debug|Any CPU.Build.0 = Debug|Any CPU
		{B91C10CF-FE89-46A3-9C74-25819D062DA2}.Release|Any CPU.ActiveCfg = Release|Any CPU
		{B91C10CF-FE89-46A3-9C74-25819D062DA2}.Release|Any CPU.Build.0 = Release|Any CPU
		{89C9D15D-EA50-4E76-ADEF-1BFF668F0B40}.Debug|Any CPU.ActiveCfg = Debug|Any CPU
		{89C9D15D-EA50-4E76-ADEF-1BFF668F0B40}.Debug|Any CPU.Build.0 = Debug|Any CPU
		{89C9D15D-EA50-4E76-ADEF-1BFF668F0B40}.Release|Any CPU.ActiveCfg = Release|Any CPU
		{89C9D15D-EA50-4E76-ADEF-1BFF668F0B40}.Release|Any CPU.Build.0 = Release|Any CPU
		{89EEBD3D-6C9A-45AD-86C0-AEEDC41FC454}.Debug|Any CPU.ActiveCfg = Debug|Any CPU
		{89EEBD3D-6C9A-45AD-86C0-AEEDC41FC454}.Debug|Any CPU.Build.0 = Debug|Any CPU
		{89EEBD3D-6C9A-45AD-86C0-AEEDC41FC454}.Release|Any CPU.ActiveCfg = Release|Any CPU
		{89EEBD3D-6C9A-45AD-86C0-AEEDC41FC454}.Release|Any CPU.Build.0 = Release|Any CPU
		{9E765B7E-66B0-4B10-8FBC-3D0AE7F378CF}.Debug|Any CPU.ActiveCfg = Debug|Any CPU
		{9E765B7E-66B0-4B10-8FBC-3D0AE7F378CF}.Debug|Any CPU.Build.0 = Debug|Any CPU
		{9E765B7E-66B0-4B10-8FBC-3D0AE7F378CF}.Release|Any CPU.ActiveCfg = Release|Any CPU
		{9E765B7E-66B0-4B10-8FBC-3D0AE7F378CF}.Release|Any CPU.Build.0 = Release|Any CPU
		{C2D076BB-A949-4997-B4E5-E029188C3372}.Debug|Any CPU.ActiveCfg = Debug|Any CPU
		{C2D076BB-A949-4997-B4E5-E029188C3372}.Debug|Any CPU.Build.0 = Debug|Any CPU
		{C2D076BB-A949-4997-B4E5-E029188C3372}.Release|Any CPU.ActiveCfg = Release|Any CPU
		{C2D076BB-A949-4997-B4E5-E029188C3372}.Release|Any CPU.Build.0 = Release|Any CPU
		{26499954-0A2C-485D-85D0-BE636719742A}.Debug|Any CPU.ActiveCfg = Debug|Any CPU
		{26499954-0A2C-485D-85D0-BE636719742A}.Debug|Any CPU.Build.0 = Debug|Any CPU
		{26499954-0A2C-485D-85D0-BE636719742A}.Release|Any CPU.ActiveCfg = Release|Any CPU
		{26499954-0A2C-485D-85D0-BE636719742A}.Release|Any CPU.Build.0 = Release|Any CPU
		{88FD8E56-01CC-4687-BE15-597B5EE864DA}.Debug|Any CPU.ActiveCfg = Debug|Any CPU
		{88FD8E56-01CC-4687-BE15-597B5EE864DA}.Debug|Any CPU.Build.0 = Debug|Any CPU
		{88FD8E56-01CC-4687-BE15-597B5EE864DA}.Release|Any CPU.ActiveCfg = Release|Any CPU
		{88FD8E56-01CC-4687-BE15-597B5EE864DA}.Release|Any CPU.Build.0 = Release|Any CPU
		{FAA7FD4C-369D-4273-BF03-DCAB70552AD2}.Debug|Any CPU.ActiveCfg = Debug|Any CPU
		{FAA7FD4C-369D-4273-BF03-DCAB70552AD2}.Debug|Any CPU.Build.0 = Debug|Any CPU
		{FAA7FD4C-369D-4273-BF03-DCAB70552AD2}.Release|Any CPU.ActiveCfg = Release|Any CPU
		{FAA7FD4C-369D-4273-BF03-DCAB70552AD2}.Release|Any CPU.Build.0 = Release|Any CPU
		{9B5475A9-71A1-4A28-AA39-3C986A576540}.Debug|Any CPU.ActiveCfg = Debug|Any CPU
		{9B5475A9-71A1-4A28-AA39-3C986A576540}.Debug|Any CPU.Build.0 = Debug|Any CPU
		{9B5475A9-71A1-4A28-AA39-3C986A576540}.Release|Any CPU.ActiveCfg = Release|Any CPU
		{9B5475A9-71A1-4A28-AA39-3C986A576540}.Release|Any CPU.Build.0 = Release|Any CPU
		{1E588B6C-6515-48E8-A1B4-ACF7A19EC0D6}.Debug|Any CPU.ActiveCfg = Debug|Any CPU
		{1E588B6C-6515-48E8-A1B4-ACF7A19EC0D6}.Debug|Any CPU.Build.0 = Debug|Any CPU
		{1E588B6C-6515-48E8-A1B4-ACF7A19EC0D6}.Release|Any CPU.ActiveCfg = Release|Any CPU
		{1E588B6C-6515-48E8-A1B4-ACF7A19EC0D6}.Release|Any CPU.Build.0 = Release|Any CPU
	EndGlobalSection
EndGlobal
