
Microsoft Visual Studio Solution File, Format Version 12.00
Project("{2150E333-8FDC-42A3-9474-1A3956D46DE8}") = "Apis", "Apis", "{125FA61A-3BBB-4EE8-8103-3BACACC0201D}"
EndProject
Project("{2150E333-8FDC-42A3-9474-1A3956D46DE8}") = "Architecture", "Architecture", "{2ACF15A9-C70D-4663-A2DA-17CE2855CCA5}"
EndProject
Project("{2150E333-8FDC-42A3-9474-1A3956D46DE8}") = "Configurations", "Configurations", "{330BD57F-24D2-4006-B30B-C92E409D92A2}"
EndProject
Project("{2150E333-8FDC-42A3-9474-1A3956D46DE8}") = "Communication", "Communication", "{76494949-86B3-4F74-A135-A9F66F4CBFAF}"
EndProject
Project("{2150E333-8FDC-42A3-9474-1A3956D46DE8}") = "Serialization", "Serialization", "{C83B1152-7609-4166-A2C7-D25F22E1BDD9}"
EndProject
Project("{2150E333-8FDC-42A3-9474-1A3956D46DE8}") = "Validation", "Validation", "{59B49CBD-4E45-435B-94E6-F82FA4D6F556}"
EndProject
Project("{2150E333-8FDC-42A3-9474-1A3956D46DE8}") = "Data", "Data", "{AB375879-6818-4CF5-8246-6CC49FD3ADA0}"
EndProject
Project("{2150E333-8FDC-42A3-9474-1A3956D46DE8}") = "Patterns", "Patterns", "{C4890210-4F82-46C1-8610-EC56CAB61CB4}"
EndProject
Project("{2150E333-8FDC-42A3-9474-1A3956D46DE8}") = "StrongTypes", "StrongTypes", "{1E863AB8-8964-49F8-861B-515C7F1CC10B}"
EndProject
Project("{FAE04EC0-301F-11D3-BF4B-00C04F79EFBC}") = "ZEA.Api.MVC", "Api\ZEA.Api.MVC\ZEA.Api.MVC.csproj", "{FA6CDE8F-87E7-48DD-B4BF-C27B8A45BDE2}"
EndProject
Project("{FAE04EC0-301F-11D3-BF4B-00C04F79EFBC}") = "ZEA.Api.Swagger", "Api\ZEA.Api.Swagger\ZEA.Api.Swagger.csproj", "{34849AFC-1495-452D-8698-67798F7758F7}"
EndProject
Project("{FAE04EC0-301F-11D3-BF4B-00C04F79EFBC}") = "ZEA.Architecture.Patterns.StrongTypes", "Architecture\Patterns\StrongTypes\ZEA.Architecture.Patterns.StrongTypes\ZEA.Architecture.Patterns.StrongTypes.csproj", "{61FDBBA0-4259-4DCF-9056-2B0BE011AC36}"
EndProject
Project("{FAE04EC0-301F-11D3-BF4B-00C04F79EFBC}") = "ZEA.Architecture.Patterns.StrongTypes.Generator", "Architecture\Patterns\StrongTypes\ZEA.Architecture.Patterns.StrongTypes.Generator\ZEA.Architecture.Patterns.StrongTypes.Generator.csproj", "{9F3AAC22-084E-464B-9AEB-DC0EA008D4A1}"
EndProject
Project("{FAE04EC0-301F-11D3-BF4B-00C04F79EFBC}") = "ZEA.Architecture.Patterns.StrongTypes.Generator.Sample", "Architecture\Patterns\StrongTypes\ZEA.Architecture.Patterns.StrongTypes.Generator.Sample\ZEA.Architecture.Patterns.StrongTypes.Generator.Sample.csproj", "{1AEF4144-8416-4DC4-9C78-0E5D6ED3A32F}"
EndProject
Project("{FAE04EC0-301F-11D3-BF4B-00C04F79EFBC}") = "ZEA.Architecture.Patterns.StrongTypes.Generator.Tests", "Architecture\Patterns\StrongTypes\ZEA.Architecture.Patterns.StrongTypes.Generator.Tests\ZEA.Architecture.Patterns.StrongTypes.Generator.Tests.csproj", "{1302D388-1562-4479-B9EB-E9C9710D8CCA}"
EndProject
Project("{FAE04EC0-301F-11D3-BF4B-00C04F79EFBC}") = "ZEA.Architecture.Patterns.ADTs", "Architecture\Patterns\ZEA.Architecture.Patterns.ADTs\ZEA.Architecture.Patterns.ADTs.csproj", "{300E91D9-941B-401D-9BB1-48B6F47E1183}"
EndProject
Project("{FAE04EC0-301F-11D3-BF4B-00C04F79EFBC}") = "ZEA.Architecture.Patterns.RailwayOrientedProgramming", "Architecture\Patterns\ZEA.Architecture.Patterns.RailwayOrientedProgramming\ZEA.Architecture.Patterns.RailwayOrientedProgramming.csproj", "{FF3ADE40-3AB0-4863-8457-B49717D03A3F}"
EndProject
Project("{FAE04EC0-301F-11D3-BF4B-00C04F79EFBC}") = "ZEA.Architecture.DDD", "Architecture\ZEA.Architecture.DDD\ZEA.Architecture.DDD.csproj", "{0415F8A7-B07B-45D7-8254-048E9437E742}"
EndProject
Project("{FAE04EC0-301F-11D3-BF4B-00C04F79EFBC}") = "ZEA.Architecture.EventSourcing", "Architecture\ZEA.Architecture.EventSourcing\ZEA.Architecture.EventSourcing.csproj", "{FAAD8C9E-EBA0-4716-8188-E893CF67C44B}"
EndProject
Project("{FAE04EC0-301F-11D3-BF4B-00C04F79EFBC}") = "ZEA.Architecture.Hexagonal", "Architecture\ZEA.Architecture.Hexagonal\ZEA.Architecture.Hexagonal.csproj", "{EB4B741C-4849-4241-8FF6-4403C18E2D86}"
EndProject
Project("{FAE04EC0-301F-11D3-BF4B-00C04F79EFBC}") = "ZEA.Architecture.Modularization", "Architecture\ZEA.Architecture.Modularization\ZEA.Architecture.Modularization.csproj", "{D9038184-550D-4322-9D51-A0C1C4C30619}"
EndProject
Project("{FAE04EC0-301F-11D3-BF4B-00C04F79EFBC}") = "ZEA.Architecture.PubSub.Abstractions", "Architecture\ZEA.Architecture.PubSub.Abstractions\ZEA.Architecture.PubSub.Abstractions.csproj", "{55D323CE-1D96-49EF-8C80-A452B4649F08}"
EndProject
Project("{FAE04EC0-301F-11D3-BF4B-00C04F79EFBC}") = "ZEA.Communication.Abstractions", "Communication\ZEA.Communication.Abstractions\ZEA.Communication.Abstractions.csproj", "{3A9B6117-DFB5-40BE-8133-30A05075D60B}"
EndProject
Project("{FAE04EC0-301F-11D3-BF4B-00C04F79EFBC}") = "ZEA.Communication.gRPC", "Communication\ZEA.Communication.gRPC\ZEA.Communication.gRPC.csproj", "{D3C1FB12-B8FA-42E1-8886-A7CF9FCACEF4}"
EndProject
Project("{FAE04EC0-301F-11D3-BF4B-00C04F79EFBC}") = "ZEA.Communication.Messaging.Abstractions", "Communication\ZEA.Communication.Messaging.Abstractions\ZEA.Communication.Messaging.Abstractions.csproj", "{06587150-FB11-41BB-AF8A-640037BDA800}"
EndProject
Project("{FAE04EC0-301F-11D3-BF4B-00C04F79EFBC}") = "ZEA.Communication.Messaging.MassTransit", "Communication\ZEA.Communication.Messaging.MassTransit\ZEA.Communication.Messaging.MassTransit.csproj", "{9E684234-7A34-422B-8860-644365C50565}"
EndProject
Project("{FAE04EC0-301F-11D3-BF4B-00C04F79EFBC}") = "ZEA.Communication.Refit", "Communication\ZEA.Communication.Refit\ZEA.Communication.Refit.csproj", "{F57A7136-B9C5-43E5-AFC2-CF19145AA2EA}"
EndProject
Project("{FAE04EC0-301F-11D3-BF4B-00C04F79EFBC}") = "ZEA.Configuration.Abstractions", "Configuration\ZEA.Configuration.Abstractions\ZEA.Configuration.Abstractions.csproj", "{34D14B2B-5BE4-4586-A9AD-A8B95CD1C787}"
EndProject
Project("{FAE04EC0-301F-11D3-BF4B-00C04F79EFBC}") = "ZEA.Configuration.AzureKeyVault", "Configuration\ZEA.Configuration.AzureKeyVault\ZEA.Configuration.AzureKeyVault.csproj", "{2B120967-A556-4097-BF37-85033C49C4A6}"
EndProject
Project("{FAE04EC0-301F-11D3-BF4B-00C04F79EFBC}") = "ZEA.Configuration.HashicorpVault", "Configuration\ZEA.Configuration.HashicorpVault\ZEA.Configuration.HashicorpVault.csproj", "{444B16A5-0088-42F2-96CB-768B5E4E2DF5}"
EndProject
Project("{FAE04EC0-301F-11D3-BF4B-00C04F79EFBC}") = "ZEA.Data.Modelling", "Data\ZEA.Data.Modelling\ZEA.Data.Modelling.csproj", "{6C91E378-E71F-4273-B433-CE8C77F0A3C8}"
EndProject
Project("{FAE04EC0-301F-11D3-BF4B-00C04F79EFBC}") = "ZEA.Serialization.Abstractions", "Serialization\ZEA.Serialization.Abstractions\ZEA.Serialization.Abstractions.csproj", "{F33407AB-E9B9-4C5A-9009-348742AFC46C}"
EndProject
Project("{FAE04EC0-301F-11D3-BF4B-00C04F79EFBC}") = "ZEA.Serialization.NewtonsoftJson", "Serialization\ZEA.Serialization.NewtonsoftJson\ZEA.Serialization.NewtonsoftJson.csproj", "{18C38947-B215-43CF-A6CA-C947C6098A04}"
EndProject
Project("{FAE04EC0-301F-11D3-BF4B-00C04F79EFBC}") = "ZEA.Validation.Abstractions", "Validation\ZEA.Validation.Abstractions\ZEA.Validation.Abstractions.csproj", "{71DE90B7-918F-4677-8D9C-EA6EC6B41A10}"
EndProject
Project("{FAE04EC0-301F-11D3-BF4B-00C04F79EFBC}") = "ZEA.Validation.FluentValidation", "Validation\ZEA.Validation.FluentValidation\ZEA.Validation.FluentValidation.csproj", "{AA31815A-D6C2-470C-955D-4CE071B7EAF4}"
EndProject
Project("{2150E333-8FDC-42A3-9474-1A3956D46DE8}") = "PubSub", "PubSub", "{EA13C9E1-C56C-4057-8CEA-5340C97CF04C}"
EndProject
Project("{FAE04EC0-301F-11D3-BF4B-00C04F79EFBC}") = "ZEA.Architecture.PubSub.MediatR", "Architecture\Patterns\ZEA.Architecture.PubSub.MediatR\ZEA.Architecture.PubSub.MediatR.csproj", "{308F8B90-4407-47D5-A4D5-B94D6F6CEB28}"
EndProject
Project("{FAE04EC0-301F-11D3-BF4B-00C04F79EFBC}") = "ZEA.Architecture.PubSub.MediatR.Tests", "Architecture\Patterns\ZEA.Architecture.PubSub.MediatR.Tests\ZEA.Architecture.PubSub.MediatR.Tests.csproj", "{454D260E-EDE2-4E77-89BD-610B1A48AB39}"
EndProject
Global
	GlobalSection(SolutionConfigurationPlatforms) = preSolution
		Debug|Any CPU = Debug|Any CPU
		Release|Any CPU = Release|Any CPU
	EndGlobalSection
	GlobalSection(NestedProjects) = preSolution
		{C4890210-4F82-46C1-8610-EC56CAB61CB4} = {2ACF15A9-C70D-4663-A2DA-17CE2855CCA5}
		{1E863AB8-8964-49F8-861B-515C7F1CC10B} = {C4890210-4F82-46C1-8610-EC56CAB61CB4}
		{FA6CDE8F-87E7-48DD-B4BF-C27B8A45BDE2} = {125FA61A-3BBB-4EE8-8103-3BACACC0201D}
		{34849AFC-1495-452D-8698-67798F7758F7} = {125FA61A-3BBB-4EE8-8103-3BACACC0201D}
		{61FDBBA0-4259-4DCF-9056-2B0BE011AC36} = {1E863AB8-8964-49F8-861B-515C7F1CC10B}
		{9F3AAC22-084E-464B-9AEB-DC0EA008D4A1} = {1E863AB8-8964-49F8-861B-515C7F1CC10B}
		{1AEF4144-8416-4DC4-9C78-0E5D6ED3A32F} = {1E863AB8-8964-49F8-861B-515C7F1CC10B}
		{1302D388-1562-4479-B9EB-E9C9710D8CCA} = {1E863AB8-8964-49F8-861B-515C7F1CC10B}
		{300E91D9-941B-401D-9BB1-48B6F47E1183} = {C4890210-4F82-46C1-8610-EC56CAB61CB4}
		{FF3ADE40-3AB0-4863-8457-B49717D03A3F} = {C4890210-4F82-46C1-8610-EC56CAB61CB4}
		{0415F8A7-B07B-45D7-8254-048E9437E742} = {2ACF15A9-C70D-4663-A2DA-17CE2855CCA5}
		{FAAD8C9E-EBA0-4716-8188-E893CF67C44B} = {2ACF15A9-C70D-4663-A2DA-17CE2855CCA5}
		{EB4B741C-4849-4241-8FF6-4403C18E2D86} = {2ACF15A9-C70D-4663-A2DA-17CE2855CCA5}
		{D9038184-550D-4322-9D51-A0C1C4C30619} = {2ACF15A9-C70D-4663-A2DA-17CE2855CCA5}
		{3A9B6117-DFB5-40BE-8133-30A05075D60B} = {76494949-86B3-4F74-A135-A9F66F4CBFAF}
		{D3C1FB12-B8FA-42E1-8886-A7CF9FCACEF4} = {76494949-86B3-4F74-A135-A9F66F4CBFAF}
		{06587150-FB11-41BB-AF8A-640037BDA800} = {76494949-86B3-4F74-A135-A9F66F4CBFAF}
		{9E684234-7A34-422B-8860-644365C50565} = {76494949-86B3-4F74-A135-A9F66F4CBFAF}
		{F57A7136-B9C5-43E5-AFC2-CF19145AA2EA} = {76494949-86B3-4F74-A135-A9F66F4CBFAF}
		{34D14B2B-5BE4-4586-A9AD-A8B95CD1C787} = {330BD57F-24D2-4006-B30B-C92E409D92A2}
		{2B120967-A556-4097-BF37-85033C49C4A6} = {330BD57F-24D2-4006-B30B-C92E409D92A2}
		{444B16A5-0088-42F2-96CB-768B5E4E2DF5} = {330BD57F-24D2-4006-B30B-C92E409D92A2}
		{6C91E378-E71F-4273-B433-CE8C77F0A3C8} = {AB375879-6818-4CF5-8246-6CC49FD3ADA0}
		{F33407AB-E9B9-4C5A-9009-348742AFC46C} = {C83B1152-7609-4166-A2C7-D25F22E1BDD9}
		{18C38947-B215-43CF-A6CA-C947C6098A04} = {C83B1152-7609-4166-A2C7-D25F22E1BDD9}
		{71DE90B7-918F-4677-8D9C-EA6EC6B41A10} = {59B49CBD-4E45-435B-94E6-F82FA4D6F556}
		{AA31815A-D6C2-470C-955D-4CE071B7EAF4} = {59B49CBD-4E45-435B-94E6-F82FA4D6F556}
		{EA13C9E1-C56C-4057-8CEA-5340C97CF04C} = {C4890210-4F82-46C1-8610-EC56CAB61CB4}
		{55D323CE-1D96-49EF-8C80-A452B4649F08} = {EA13C9E1-C56C-4057-8CEA-5340C97CF04C}
		{308F8B90-4407-47D5-A4D5-B94D6F6CEB28} = {EA13C9E1-C56C-4057-8CEA-5340C97CF04C}
		{454D260E-EDE2-4E77-89BD-610B1A48AB39} = {EA13C9E1-C56C-4057-8CEA-5340C97CF04C}
	EndGlobalSection
	GlobalSection(ProjectConfigurationPlatforms) = postSolution
		{FA6CDE8F-87E7-48DD-B4BF-C27B8A45BDE2}.Debug|Any CPU.ActiveCfg = Debug|Any CPU
		{FA6CDE8F-87E7-48DD-B4BF-C27B8A45BDE2}.Debug|Any CPU.Build.0 = Debug|Any CPU
		{FA6CDE8F-87E7-48DD-B4BF-C27B8A45BDE2}.Release|Any CPU.ActiveCfg = Release|Any CPU
		{FA6CDE8F-87E7-48DD-B4BF-C27B8A45BDE2}.Release|Any CPU.Build.0 = Release|Any CPU
		{34849AFC-1495-452D-8698-67798F7758F7}.Debug|Any CPU.ActiveCfg = Debug|Any CPU
		{34849AFC-1495-452D-8698-67798F7758F7}.Debug|Any CPU.Build.0 = Debug|Any CPU
		{34849AFC-1495-452D-8698-67798F7758F7}.Release|Any CPU.ActiveCfg = Release|Any CPU
		{34849AFC-1495-452D-8698-67798F7758F7}.Release|Any CPU.Build.0 = Release|Any CPU
		{61FDBBA0-4259-4DCF-9056-2B0BE011AC36}.Debug|Any CPU.ActiveCfg = Debug|Any CPU
		{61FDBBA0-4259-4DCF-9056-2B0BE011AC36}.Debug|Any CPU.Build.0 = Debug|Any CPU
		{61FDBBA0-4259-4DCF-9056-2B0BE011AC36}.Release|Any CPU.ActiveCfg = Release|Any CPU
		{61FDBBA0-4259-4DCF-9056-2B0BE011AC36}.Release|Any CPU.Build.0 = Release|Any CPU
		{9F3AAC22-084E-464B-9AEB-DC0EA008D4A1}.Debug|Any CPU.ActiveCfg = Debug|Any CPU
		{9F3AAC22-084E-464B-9AEB-DC0EA008D4A1}.Debug|Any CPU.Build.0 = Debug|Any CPU
		{9F3AAC22-084E-464B-9AEB-DC0EA008D4A1}.Release|Any CPU.ActiveCfg = Release|Any CPU
		{9F3AAC22-084E-464B-9AEB-DC0EA008D4A1}.Release|Any CPU.Build.0 = Release|Any CPU
		{1AEF4144-8416-4DC4-9C78-0E5D6ED3A32F}.Debug|Any CPU.ActiveCfg = Debug|Any CPU
		{1AEF4144-8416-4DC4-9C78-0E5D6ED3A32F}.Debug|Any CPU.Build.0 = Debug|Any CPU
		{1AEF4144-8416-4DC4-9C78-0E5D6ED3A32F}.Release|Any CPU.ActiveCfg = Release|Any CPU
		{1AEF4144-8416-4DC4-9C78-0E5D6ED3A32F}.Release|Any CPU.Build.0 = Release|Any CPU
		{1302D388-1562-4479-B9EB-E9C9710D8CCA}.Debug|Any CPU.ActiveCfg = Debug|Any CPU
		{1302D388-1562-4479-B9EB-E9C9710D8CCA}.Debug|Any CPU.Build.0 = Debug|Any CPU
		{1302D388-1562-4479-B9EB-E9C9710D8CCA}.Release|Any CPU.ActiveCfg = Release|Any CPU
		{1302D388-1562-4479-B9EB-E9C9710D8CCA}.Release|Any CPU.Build.0 = Release|Any CPU
		{300E91D9-941B-401D-9BB1-48B6F47E1183}.Debug|Any CPU.ActiveCfg = Debug|Any CPU
		{300E91D9-941B-401D-9BB1-48B6F47E1183}.Debug|Any CPU.Build.0 = Debug|Any CPU
		{300E91D9-941B-401D-9BB1-48B6F47E1183}.Release|Any CPU.ActiveCfg = Release|Any CPU
		{300E91D9-941B-401D-9BB1-48B6F47E1183}.Release|Any CPU.Build.0 = Release|Any CPU
		{FF3ADE40-3AB0-4863-8457-B49717D03A3F}.Debug|Any CPU.ActiveCfg = Debug|Any CPU
		{FF3ADE40-3AB0-4863-8457-B49717D03A3F}.Debug|Any CPU.Build.0 = Debug|Any CPU
		{FF3ADE40-3AB0-4863-8457-B49717D03A3F}.Release|Any CPU.ActiveCfg = Release|Any CPU
		{FF3ADE40-3AB0-4863-8457-B49717D03A3F}.Release|Any CPU.Build.0 = Release|Any CPU
		{0415F8A7-B07B-45D7-8254-048E9437E742}.Debug|Any CPU.ActiveCfg = Debug|Any CPU
		{0415F8A7-B07B-45D7-8254-048E9437E742}.Debug|Any CPU.Build.0 = Debug|Any CPU
		{0415F8A7-B07B-45D7-8254-048E9437E742}.Release|Any CPU.ActiveCfg = Release|Any CPU
		{0415F8A7-B07B-45D7-8254-048E9437E742}.Release|Any CPU.Build.0 = Release|Any CPU
		{FAAD8C9E-EBA0-4716-8188-E893CF67C44B}.Debug|Any CPU.ActiveCfg = Debug|Any CPU
		{FAAD8C9E-EBA0-4716-8188-E893CF67C44B}.Debug|Any CPU.Build.0 = Debug|Any CPU
		{FAAD8C9E-EBA0-4716-8188-E893CF67C44B}.Release|Any CPU.ActiveCfg = Release|Any CPU
		{FAAD8C9E-EBA0-4716-8188-E893CF67C44B}.Release|Any CPU.Build.0 = Release|Any CPU
		{EB4B741C-4849-4241-8FF6-4403C18E2D86}.Debug|Any CPU.ActiveCfg = Debug|Any CPU
		{EB4B741C-4849-4241-8FF6-4403C18E2D86}.Debug|Any CPU.Build.0 = Debug|Any CPU
		{EB4B741C-4849-4241-8FF6-4403C18E2D86}.Release|Any CPU.ActiveCfg = Release|Any CPU
		{EB4B741C-4849-4241-8FF6-4403C18E2D86}.Release|Any CPU.Build.0 = Release|Any CPU
		{D9038184-550D-4322-9D51-A0C1C4C30619}.Debug|Any CPU.ActiveCfg = Debug|Any CPU
		{D9038184-550D-4322-9D51-A0C1C4C30619}.Debug|Any CPU.Build.0 = Debug|Any CPU
		{D9038184-550D-4322-9D51-A0C1C4C30619}.Release|Any CPU.ActiveCfg = Release|Any CPU
		{D9038184-550D-4322-9D51-A0C1C4C30619}.Release|Any CPU.Build.0 = Release|Any CPU
		{55D323CE-1D96-49EF-8C80-A452B4649F08}.Debug|Any CPU.ActiveCfg = Debug|Any CPU
		{55D323CE-1D96-49EF-8C80-A452B4649F08}.Debug|Any CPU.Build.0 = Debug|Any CPU
		{55D323CE-1D96-49EF-8C80-A452B4649F08}.Release|Any CPU.ActiveCfg = Release|Any CPU
		{55D323CE-1D96-49EF-8C80-A452B4649F08}.Release|Any CPU.Build.0 = Release|Any CPU
		{3A9B6117-DFB5-40BE-8133-30A05075D60B}.Debug|Any CPU.ActiveCfg = Debug|Any CPU
		{3A9B6117-DFB5-40BE-8133-30A05075D60B}.Debug|Any CPU.Build.0 = Debug|Any CPU
		{3A9B6117-DFB5-40BE-8133-30A05075D60B}.Release|Any CPU.ActiveCfg = Release|Any CPU
		{3A9B6117-DFB5-40BE-8133-30A05075D60B}.Release|Any CPU.Build.0 = Release|Any CPU
		{D3C1FB12-B8FA-42E1-8886-A7CF9FCACEF4}.Debug|Any CPU.ActiveCfg = Debug|Any CPU
		{D3C1FB12-B8FA-42E1-8886-A7CF9FCACEF4}.Debug|Any CPU.Build.0 = Debug|Any CPU
		{D3C1FB12-B8FA-42E1-8886-A7CF9FCACEF4}.Release|Any CPU.ActiveCfg = Release|Any CPU
		{D3C1FB12-B8FA-42E1-8886-A7CF9FCACEF4}.Release|Any CPU.Build.0 = Release|Any CPU
		{06587150-FB11-41BB-AF8A-640037BDA800}.Debug|Any CPU.ActiveCfg = Debug|Any CPU
		{06587150-FB11-41BB-AF8A-640037BDA800}.Debug|Any CPU.Build.0 = Debug|Any CPU
		{06587150-FB11-41BB-AF8A-640037BDA800}.Release|Any CPU.ActiveCfg = Release|Any CPU
		{06587150-FB11-41BB-AF8A-640037BDA800}.Release|Any CPU.Build.0 = Release|Any CPU
		{9E684234-7A34-422B-8860-644365C50565}.Debug|Any CPU.ActiveCfg = Debug|Any CPU
		{9E684234-7A34-422B-8860-644365C50565}.Debug|Any CPU.Build.0 = Debug|Any CPU
		{9E684234-7A34-422B-8860-644365C50565}.Release|Any CPU.ActiveCfg = Release|Any CPU
		{9E684234-7A34-422B-8860-644365C50565}.Release|Any CPU.Build.0 = Release|Any CPU
		{F57A7136-B9C5-43E5-AFC2-CF19145AA2EA}.Debug|Any CPU.ActiveCfg = Debug|Any CPU
		{F57A7136-B9C5-43E5-AFC2-CF19145AA2EA}.Debug|Any CPU.Build.0 = Debug|Any CPU
		{F57A7136-B9C5-43E5-AFC2-CF19145AA2EA}.Release|Any CPU.ActiveCfg = Release|Any CPU
		{F57A7136-B9C5-43E5-AFC2-CF19145AA2EA}.Release|Any CPU.Build.0 = Release|Any CPU
		{34D14B2B-5BE4-4586-A9AD-A8B95CD1C787}.Debug|Any CPU.ActiveCfg = Debug|Any CPU
		{34D14B2B-5BE4-4586-A9AD-A8B95CD1C787}.Debug|Any CPU.Build.0 = Debug|Any CPU
		{34D14B2B-5BE4-4586-A9AD-A8B95CD1C787}.Release|Any CPU.ActiveCfg = Release|Any CPU
		{34D14B2B-5BE4-4586-A9AD-A8B95CD1C787}.Release|Any CPU.Build.0 = Release|Any CPU
		{2B120967-A556-4097-BF37-85033C49C4A6}.Debug|Any CPU.ActiveCfg = Debug|Any CPU
		{2B120967-A556-4097-BF37-85033C49C4A6}.Debug|Any CPU.Build.0 = Debug|Any CPU
		{2B120967-A556-4097-BF37-85033C49C4A6}.Release|Any CPU.ActiveCfg = Release|Any CPU
		{2B120967-A556-4097-BF37-85033C49C4A6}.Release|Any CPU.Build.0 = Release|Any CPU
		{444B16A5-0088-42F2-96CB-768B5E4E2DF5}.Debug|Any CPU.ActiveCfg = Debug|Any CPU
		{444B16A5-0088-42F2-96CB-768B5E4E2DF5}.Debug|Any CPU.Build.0 = Debug|Any CPU
		{444B16A5-0088-42F2-96CB-768B5E4E2DF5}.Release|Any CPU.ActiveCfg = Release|Any CPU
		{444B16A5-0088-42F2-96CB-768B5E4E2DF5}.Release|Any CPU.Build.0 = Release|Any CPU
		{6C91E378-E71F-4273-B433-CE8C77F0A3C8}.Debug|Any CPU.ActiveCfg = Debug|Any CPU
		{6C91E378-E71F-4273-B433-CE8C77F0A3C8}.Debug|Any CPU.Build.0 = Debug|Any CPU
		{6C91E378-E71F-4273-B433-CE8C77F0A3C8}.Release|Any CPU.ActiveCfg = Release|Any CPU
		{6C91E378-E71F-4273-B433-CE8C77F0A3C8}.Release|Any CPU.Build.0 = Release|Any CPU
		{F33407AB-E9B9-4C5A-9009-348742AFC46C}.Debug|Any CPU.ActiveCfg = Debug|Any CPU
		{F33407AB-E9B9-4C5A-9009-348742AFC46C}.Debug|Any CPU.Build.0 = Debug|Any CPU
		{F33407AB-E9B9-4C5A-9009-348742AFC46C}.Release|Any CPU.ActiveCfg = Release|Any CPU
		{F33407AB-E9B9-4C5A-9009-348742AFC46C}.Release|Any CPU.Build.0 = Release|Any CPU
		{18C38947-B215-43CF-A6CA-C947C6098A04}.Debug|Any CPU.ActiveCfg = Debug|Any CPU
		{18C38947-B215-43CF-A6CA-C947C6098A04}.Debug|Any CPU.Build.0 = Debug|Any CPU
		{18C38947-B215-43CF-A6CA-C947C6098A04}.Release|Any CPU.ActiveCfg = Release|Any CPU
		{18C38947-B215-43CF-A6CA-C947C6098A04}.Release|Any CPU.Build.0 = Release|Any CPU
		{71DE90B7-918F-4677-8D9C-EA6EC6B41A10}.Debug|Any CPU.ActiveCfg = Debug|Any CPU
		{71DE90B7-918F-4677-8D9C-EA6EC6B41A10}.Debug|Any CPU.Build.0 = Debug|Any CPU
		{71DE90B7-918F-4677-8D9C-EA6EC6B41A10}.Release|Any CPU.ActiveCfg = Release|Any CPU
		{71DE90B7-918F-4677-8D9C-EA6EC6B41A10}.Release|Any CPU.Build.0 = Release|Any CPU
		{AA31815A-D6C2-470C-955D-4CE071B7EAF4}.Debug|Any CPU.ActiveCfg = Debug|Any CPU
		{AA31815A-D6C2-470C-955D-4CE071B7EAF4}.Debug|Any CPU.Build.0 = Debug|Any CPU
		{AA31815A-D6C2-470C-955D-4CE071B7EAF4}.Release|Any CPU.ActiveCfg = Release|Any CPU
		{AA31815A-D6C2-470C-955D-4CE071B7EAF4}.Release|Any CPU.Build.0 = Release|Any CPU
		{308F8B90-4407-47D5-A4D5-B94D6F6CEB28}.Debug|Any CPU.ActiveCfg = Debug|Any CPU
		{308F8B90-4407-47D5-A4D5-B94D6F6CEB28}.Debug|Any CPU.Build.0 = Debug|Any CPU
		{308F8B90-4407-47D5-A4D5-B94D6F6CEB28}.Release|Any CPU.ActiveCfg = Release|Any CPU
		{308F8B90-4407-47D5-A4D5-B94D6F6CEB28}.Release|Any CPU.Build.0 = Release|Any CPU
		{454D260E-EDE2-4E77-89BD-610B1A48AB39}.Debug|Any CPU.ActiveCfg = Debug|Any CPU
		{454D260E-EDE2-4E77-89BD-610B1A48AB39}.Debug|Any CPU.Build.0 = Debug|Any CPU
		{454D260E-EDE2-4E77-89BD-610B1A48AB39}.Release|Any CPU.ActiveCfg = Release|Any CPU
		{454D260E-EDE2-4E77-89BD-610B1A48AB39}.Release|Any CPU.Build.0 = Release|Any CPU
	EndGlobalSection
EndGlobal
